// !$*UTF8*$!
{
	archiveVersion = 1;
	classes = {
	};
	objectVersion = 77;
	objects = {

/* Begin PBXBuildFile section */
		EA0A473C2EBF8F19002CBB80 /* LMSubscriptionProgressView.swift in Sources */ = {isa = PBXBuildFile; fileRef = EA0A473B2EBF8F19002CBB80 /* LMSubscriptionProgressView.swift */; };
		EA0A473D2EBF8F19002CBB80 /* LMSubscriptionAdRewardsView.swift in Sources */ = {isa = PBXBuildFile; fileRef = EA0A47352EBF8F19002CBB80 /* LMSubscriptionAdRewardsView.swift */; };
		EA0A473E2EBF8F19002CBB80 /* LMSubscriptionDialogView.swift in Sources */ = {isa = PBXBuildFile; fileRef = EA0A47372EBF8F19002CBB80 /* LMSubscriptionDialogView.swift */; };
		EA0A473F2EBF8F19002CBB80 /* LMSubscriptionCountdownView.swift in Sources */ = {isa = PBXBuildFile; fileRef = EA0A47362EBF8F19002CBB80 /* LMSubscriptionCountdownView.swift */; };
		EA0A47402EBF8F19002CBB80 /* LMSubscriptionFooterView.swift in Sources */ = {isa = PBXBuildFile; fileRef = EA0A47382EBF8F19002CBB80 /* LMSubscriptionFooterView.swift */; };
		EA0A47412EBF8F19002CBB80 /* LMSubscriptionPlanCardView.swift in Sources */ = {isa = PBXBuildFile; fileRef = EA0A473A2EBF8F19002CBB80 /* LMSubscriptionPlanCardView.swift */; };
		EA0A47422EBF8F19002CBB80 /* LMSubscriptionHeroView.swift in Sources */ = {isa = PBXBuildFile; fileRef = EA0A47392EBF8F19002CBB80 /* LMSubscriptionHeroView.swift */; };
		EA0A47442EBF8F3C002CBB80 /* SubscriptionPlan.swift in Sources */ = {isa = PBXBuildFile; fileRef = EA0A47432EBF8F3C002CBB80 /* SubscriptionPlan.swift */; };
		EA0A47462EBF995C002CBB80 /* LMStoreManager.swift in Sources */ = {isa = PBXBuildFile; fileRef = EA0A47452EBF995C002CBB80 /* LMStoreManager.swift */; };
		EA3F16682EE3DDAE00B24DA8 /* LMCameraStreamDetectionManager.swift in Sources */ = {isa = PBXBuildFile; fileRef = EA3F16652EE3DDAE00B24DA8 /* LMCameraStreamDetectionManager.swift */; };
		EA3F16692EE3DDAE00B24DA8 /* LMPersonDetectionProtocol.swift in Sources */ = {isa = PBXBuildFile; fileRef = EA3F16662EE3DDAE00B24DA8 /* LMPersonDetectionProtocol.swift */; };
		EA3F166A2EE3DDAE00B24DA8 /* LMReferenceImageDetectionManager.swift in Sources */ = {isa = PBXBuildFile; fileRef = EA3F16672EE3DDAE00B24DA8 /* LMReferenceImageDetectionManager.swift */; };
		EA3F166C2EE3DDCC00B24DA8 /* LMARGuidanceView.swift in Sources */ = {isa = PBXBuildFile; fileRef = EA3F166B2EE3DDCC00B24DA8 /* LMARGuidanceView.swift */; };
		EA3F16702EE3DFA800B24DA8 /* LMOrientationMatcher.swift in Sources */ = {isa = PBXBuildFile; fileRef = EA3F166E2EE3DFA800B24DA8 /* LMOrientationMatcher.swift */; };
		EA3F16732EE41D8500B24DA8 /* LMDeviceOrientationManager.swift in Sources */ = {isa = PBXBuildFile; fileRef = EA3F16722EE41D8500B24DA8 /* LMDeviceOrientationManager.swift */; };
		EA4032A22EE077BA002B7A40 /* LMSuggestionBoundBoxManager.swift in Sources */ = {isa = PBXBuildFile; fileRef = EA4032A12EE077BA002B7A40 /* LMSuggestionBoundBoxManager.swift */; };
		EA53553C2EE57BF100610950 /* LMAuthGuard.swift in Sources */ = {isa = PBXBuildFile; fileRef = EA53553B2EE57BF100610950 /* LMAuthGuard.swift */; };
		EA54E1DB2EBEED04000DB5EE /* LMSubscriptionPage.swift in Sources */ = {isa = PBXBuildFile; fileRef = EA54E1DA2EBEED04000DB5EE /* LMSubscriptionPage.swift */; };
		EA56DD972EC02B23000AB522 /* LMPopularTagView.swift in Sources */ = {isa = PBXBuildFile; fileRef = EA56DD962EC02B23000AB522 /* LMPopularTagView.swift */; };
		EA56DD9A2EC076B6000AB522 /* LMSavedIdeaDetailPage.swift in Sources */ = {isa = PBXBuildFile; fileRef = EA56DD992EC076B6000AB522 /* LMSavedIdeaDetailPage.swift */; };
		EA56DD9B2EC076B6000AB522 /* LMGalleryDetailPage.swift in Sources */ = {isa = PBXBuildFile; fileRef = EA56DD982EC076B6000AB522 /* LMGalleryDetailPage.swift */; };
		EA56DD9D2EC07CAD000AB522 /* LMCompositionAnalysisModel.swift in Sources */ = {isa = PBXBuildFile; fileRef = EA56DD9C2EC07CAD000AB522 /* LMCompositionAnalysisModel.swift */; };
		EA56DDA12EC08078000AB522 /* LMPersonDetectionManager.swift in Sources */ = {isa = PBXBuildFile; fileRef = EA56DDA02EC08078000AB522 /* LMPersonDetectionManager.swift */; };
		EA56DDA72EC0833D000AB522 /* LMCompositionService.swift in Sources */ = {isa = PBXBuildFile; fileRef = EA56DDA62EC0833D000AB522 /* LMCompositionService.swift */; };
		EA56DDB72EC08E1D000AB522 /* LMCameraPage+Delegates.swift in Sources */ = {isa = PBXBuildFile; fileRef = EA56DDAE2EC08E1D000AB522 /* LMCameraPage+Delegates.swift */; };
		EA56DDB82EC08E1D000AB522 /* LMCameraPage+ARGuidance.swift in Sources */ = {isa = PBXBuildFile; fileRef = EA56DDAC2EC08E1D000AB522 /* LMCameraPage+ARGuidance.swift */; };
		EA56DDBA2EC08E1D000AB522 /* LMCameraPage+Capture.swift in Sources */ = {isa = PBXBuildFile; fileRef = EA56DDAD2EC08E1D000AB522 /* LMCameraPage+Capture.swift */; };
		EA56DDBC2EC08E1D000AB522 /* LMCameraPage+ImageProcessing.swift in Sources */ = {isa = PBXBuildFile; fileRef = EA56DDAF2EC08E1D000AB522 /* LMCameraPage+ImageProcessing.swift */; };
		EA56DDBD2EC08E1D000AB522 /* LMCameraPage+InspireMe.swift in Sources */ = {isa = PBXBuildFile; fileRef = EA56DDB02EC08E1D000AB522 /* LMCameraPage+InspireMe.swift */; };
		EA56DDBF2EC08E82000AB522 /* LMCameraPage+Session.swift in Sources */ = {isa = PBXBuildFile; fileRef = EA56DDBE2EC08E81000AB522 /* LMCameraPage+Session.swift */; };
		EA56DDD22EC091B1000AB522 /* LMCompositionSuggestionsResponse.swift in Sources */ = {isa = PBXBuildFile; fileRef = EA56DDC62EC091B1000AB522 /* LMCompositionSuggestionsResponse.swift */; };
		EA56DDD42EC091B1000AB522 /* LMRefreshTokenResponse.swift in Sources */ = {isa = PBXBuildFile; fileRef = EA56DDCC2EC091B1000AB522 /* LMRefreshTokenResponse.swift */; };
		EA56DDD52EC091B1000AB522 /* LMConfirmSuggestionResponse.swift in Sources */ = {isa = PBXBuildFile; fileRef = EA56DDC92EC091B1000AB522 /* LMConfirmSuggestionResponse.swift */; };
		EA56DDD72EC091B1000AB522 /* LMCompositionResult.swift in Sources */ = {isa = PBXBuildFile; fileRef = EA56DDC32EC091B1000AB522 /* LMCompositionResult.swift */; };
		EA56DDD82EC091B1000AB522 /* LMCompositionResultsResponse.swift in Sources */ = {isa = PBXBuildFile; fileRef = EA56DDC42EC091B1000AB522 /* LMCompositionResultsResponse.swift */; };
		EA56DDDA2EC091B1000AB522 /* BoundingBox.swift in Sources */ = {isa = PBXBuildFile; fileRef = EA56DDC02EC091B1000AB522 /* BoundingBox.swift */; };
		EA56DDDB2EC091B1000AB522 /* LMLoginResponse.swift in Sources */ = {isa = PBXBuildFile; fileRef = EA56DDCA2EC091B1000AB522 /* LMLoginResponse.swift */; };
		EA56DDDE2EC091B1000AB522 /* LMUserRegisterResponse.swift in Sources */ = {isa = PBXBuildFile; fileRef = EA56DDCF2EC091B1000AB522 /* LMUserRegisterResponse.swift */; };
		EA56DDDF2EC091B1000AB522 /* LMCompositionSuggestion.swift in Sources */ = {isa = PBXBuildFile; fileRef = EA56DDC52EC091B1000AB522 /* LMCompositionSuggestion.swift */; };
		EA56DDE02EC091B1000AB522 /* LMCompositionTaskResponse.swift in Sources */ = {isa = PBXBuildFile; fileRef = EA56DDC72EC091B1000AB522 /* LMCompositionTaskResponse.swift */; };
		EA56DDE72EC091BD000AB522 /* LMApiService.swift in Sources */ = {isa = PBXBuildFile; fileRef = EA56DDE32EC091BD000AB522 /* LMApiService.swift */; };
		EA5835442EC976200013E531 /* LMCameraPage+ShowSuggestions.swift in Sources */ = {isa = PBXBuildFile; fileRef = EA5835432EC976200013E531 /* LMCameraPage+ShowSuggestions.swift */; };
		EA5835512EC99E1F0013E531 /* LMInspireMeRecord.swift in Sources */ = {isa = PBXBuildFile; fileRef = EA5835502EC99E1F0013E531 /* LMInspireMeRecord.swift */; };
		EA5835562EC9DBC70013E531 /* language_config.json in Resources */ = {isa = PBXBuildFile; fileRef = EA5835552EC9DBC70013E531 /* language_config.json */; };
		EA6019342EC82D130067F2F7 /* LMInspireMeButtonView.swift in Sources */ = {isa = PBXBuildFile; fileRef = EA6019332EC82D130067F2F7 /* LMInspireMeButtonView.swift */; };
		EA6019382EC877620067F2F7 /* LMAppleAuthManager.swift in Sources */ = {isa = PBXBuildFile; fileRef = EA6019352EC877620067F2F7 /* LMAppleAuthManager.swift */; };
		EA6019392EC877620067F2F7 /* LMSessionManager.swift in Sources */ = {isa = PBXBuildFile; fileRef = EA6019372EC877620067F2F7 /* LMSessionManager.swift */; };
		EA6019422EC8778B0067F2F7 /* TaskStatus.swift in Sources */ = {isa = PBXBuildFile; fileRef = EA60193F2EC8778B0067F2F7 /* TaskStatus.swift */; };
		EA6019462EC877C20067F2F7 /* LMEmailVerificationPage.swift in Sources */ = {isa = PBXBuildFile; fileRef = EA6019452EC877C20067F2F7 /* LMEmailVerificationPage.swift */; };
		EA7F25AA2F066E850008E091 /* LMCameraPage+Guide.swift in Sources */ = {isa = PBXBuildFile; fileRef = EA7F25A92F066E850008E091 /* LMCameraPage+Guide.swift */; };
		EA7F25AC2F066E9B0008E091 /* LMCameraGuideManager.swift in Sources */ = {isa = PBXBuildFile; fileRef = EA7F25AB2F066E9B0008E091 /* LMCameraGuideManager.swift */; };
		EA7F25AE2F066EAD0008E091 /* LMCameraGuideView.swift in Sources */ = {isa = PBXBuildFile; fileRef = EA7F25AD2F066EAD0008E091 /* LMCameraGuideView.swift */; };
		EA7F25B12F066FCA0008E091 /* single_tap.json in Resources */ = {isa = PBXBuildFile; fileRef = EA7F25AF2F066FCA0008E091 /* single_tap.json */; };
		EA7F25B22F066FCA0008E091 /* swipe_up_animation.json in Resources */ = {isa = PBXBuildFile; fileRef = EA7F25B02F066FCA0008E091 /* swipe_up_animation.json */; };
		EA7F25B42F06B8850008E091 /* LMPrivacyPermissionView.swift in Sources */ = {isa = PBXBuildFile; fileRef = EA7F25B32F06B8850008E091 /* LMPrivacyPermissionView.swift */; };
		EA8629A32EB5A13F00F2B00E /* EVA02.mlpackage in Sources */ = {isa = PBXBuildFile; fileRef = EA8629A22EB5A13F00F2B00E /* EVA02.mlpackage */; };
		EA8629A52EB5A15800F2B00E /* LMImageProcessor.swift in Sources */ = {isa = PBXBuildFile; fileRef = EA8629A42EB5A15800F2B00E /* LMImageProcessor.swift */; };
		EA8629A72EB5B16300F2B00E /* LMProfileDisplayView.swift in Sources */ = {isa = PBXBuildFile; fileRef = EA8629A62EB5B16300F2B00E /* LMProfileDisplayView.swift */; };
		EA8629A92EB5B18B00F2B00E /* LMProfileEditView.swift in Sources */ = {isa = PBXBuildFile; fileRef = EA8629A82EB5B18B00F2B00E /* LMProfileEditView.swift */; };
		EA8629AB2EB5B70300F2B00E /* LMNotificationTableViewCell.swift in Sources */ = {isa = PBXBuildFile; fileRef = EA8629AA2EB5B70300F2B00E /* LMNotificationTableViewCell.swift */; };
		EA8629B22EB5EEF700F2B00E /* LMCameraGuidanceOverlayView.swift in Sources */ = {isa = PBXBuildFile; fileRef = EA8629AC2EB5EEF700F2B00E /* LMCameraGuidanceOverlayView.swift */; };
		EA8629B42EB5EEF700F2B00E /* LMSuggestionCardView.swift in Sources */ = {isa = PBXBuildFile; fileRef = EA8629AF2EB5EEF700F2B00E /* LMSuggestionCardView.swift */; };
		EA8629B52EB5EEF700F2B00E /* LMCameraPreviewManager.swift in Sources */ = {isa = PBXBuildFile; fileRef = EA8629AE2EB5EEF700F2B00E /* LMCameraPreviewManager.swift */; };
		EA8629B62EB5EEF700F2B00E /* LMSuggestionsCarouselView.swift in Sources */ = {isa = PBXBuildFile; fileRef = EA8629B02EB5EEF700F2B00E /* LMSuggestionsCarouselView.swift */; };
		EA8629B92EB5F7C000F2B00E /* LMLaunageManager.swift in Sources */ = {isa = PBXBuildFile; fileRef = EA8629B82EB5F7C000F2B00E /* LMLaunageManager.swift */; };
		EA8629BB2EB5F85700F2B00E /* LMLaunageModel.swift in Sources */ = {isa = PBXBuildFile; fileRef = EA8629BA2EB5F85700F2B00E /* LMLaunageModel.swift */; };
		EA86406A2ED2D24800A0CD43 /* LMPhotoStorageManager.swift in Sources */ = {isa = PBXBuildFile; fileRef = EA8640632ED2D24800A0CD43 /* LMPhotoStorageManager.swift */; };
		EA86406B2ED2D24800A0CD43 /* PhotoEntity+CoreDataProperties.swift in Sources */ = {isa = PBXBuildFile; fileRef = EA8640652ED2D24800A0CD43 /* PhotoEntity+CoreDataProperties.swift */; };
		EA86406C2ED2D24800A0CD43 /* PhotoEntity+CoreDataClass.swift in Sources */ = {isa = PBXBuildFile; fileRef = EA8640642ED2D24800A0CD43 /* PhotoEntity+CoreDataClass.swift */; };
		EA8640702ED2D8EB00A0CD43 /* SavedIdeaEntity+CoreDataClass.swift in Sources */ = {isa = PBXBuildFile; fileRef = EA86406E2ED2D8EB00A0CD43 /* SavedIdeaEntity+CoreDataClass.swift */; };
		EA8640712ED2D8EB00A0CD43 /* LMPhotoStorageManager+SavedIdeas.swift in Sources */ = {isa = PBXBuildFile; fileRef = EA86406D2ED2D8EB00A0CD43 /* LMPhotoStorageManager+SavedIdeas.swift */; };
		EA8640722ED2D8EB00A0CD43 /* SavedIdeaEntity+CoreDataProperties.swift in Sources */ = {isa = PBXBuildFile; fileRef = EA86406F2ED2D8EB00A0CD43 /* SavedIdeaEntity+CoreDataProperties.swift */; };
		EAA37A7B2ED090230008081D /* LMAlertDialog.swift in Sources */ = {isa = PBXBuildFile; fileRef = EAA37A7A2ED090230008081D /* LMAlertDialog.swift */; };
		EAAF53ED2F15449500E961DC /* LMNotificationModel.swift in Sources */ = {isa = PBXBuildFile; fileRef = EAAF53EC2F15449500E961DC /* LMNotificationModel.swift */; };
		EAAF53EF2F1544AF00E961DC /* LMNotificationDetailPage.swift in Sources */ = {isa = PBXBuildFile; fileRef = EAAF53EE2F1544AF00E961DC /* LMNotificationDetailPage.swift */; };
		EAAF53F12F1544DD00E961DC /* LMNotificationManager.swift in Sources */ = {isa = PBXBuildFile; fileRef = EAAF53F02F1544DD00E961DC /* LMNotificationManager.swift */; };
		EACA1CEF2E7E49B600C80883 /* LaunchScreen.storyboard in Resources */ = {isa = PBXBuildFile; fileRef = EACA1CE92E7E49B600C80883 /* LaunchScreen.storyboard */; };
		EACA1CF02E7E49B600C80883 /* Assets.xcassets in Resources */ = {isa = PBXBuildFile; fileRef = EACA1CE62E7E49B600C80883 /* Assets.xcassets */; };
		EACA1CF12E7E49B600C80883 /* ObjectExtensions.swift in Sources */ = {isa = PBXBuildFile; fileRef = EACA1CDE2E7E49B600C80883 /* ObjectExtensions.swift */; };
		EACA1CF22E7E49B600C80883 /* LMApiResponseModel.swift in Sources */ = {isa = PBXBuildFile; fileRef = EACA1CD02E7E49B600C80883 /* LMApiResponseModel.swift */; };
		EACA1CF32E7E49B600C80883 /* processor.xcdatamodeld in Sources */ = {isa = PBXBuildFile; fileRef = EACA1CEA2E7E49B600C80883 /* processor.xcdatamodeld */; };
		EACA1CF62E7E49B600C80883 /* AppDelegate.swift in Sources */ = {isa = PBXBuildFile; fileRef = EACA1CE52E7E49B600C80883 /* AppDelegate.swift */; };
		EACA1CF72E7E49B600C80883 /* SceneDelegate.swift in Sources */ = {isa = PBXBuildFile; fileRef = EACA1CEB2E7E49B600C80883 /* SceneDelegate.swift */; };
		EACA1CF82E7E49B600C80883 /* LMDialogWrapper.swift in Sources */ = {isa = PBXBuildFile; fileRef = EACA1CD72E7E49B600C80883 /* LMDialogWrapper.swift */; };
		EACA1CF92E7E49B600C80883 /* LMNavigationWrapper.swift in Sources */ = {isa = PBXBuildFile; fileRef = EACA1CD82E7E49B600C80883 /* LMNavigationWrapper.swift */; };
		EACA1CFA2E7E49B600C80883 /* LMVersionUpdateDialog.swift in Sources */ = {isa = PBXBuildFile; fileRef = EACA1CD42E7E49B600C80883 /* LMVersionUpdateDialog.swift */; };
		EACA1CFB2E7E49B600C80883 /* AppConfigs.swift in Sources */ = {isa = PBXBuildFile; fileRef = EACA1CDC2E7E49B600C80883 /* AppConfigs.swift */; };
		EACA1CFC2E7E49B600C80883 /* LMMainRootPage.swift in Sources */ = {isa = PBXBuildFile; fileRef = EACA1CD22E7E49B600C80883 /* LMMainRootPage.swift */; };
		EACA1CFD2E7E49B600C80883 /* LMApi.swift in Sources */ = {isa = PBXBuildFile; fileRef = EACA1CCC2E7E49B600C80883 /* LMApi.swift */; };
		EACA1CFE2E7E49B600C80883 /* LMApiClient.swift in Sources */ = {isa = PBXBuildFile; fileRef = EACA1CCD2E7E49B600C80883 /* LMApiClient.swift */; };
		EACA1CFF2E7E49B600C80883 /* AppTheme.swift in Sources */ = {isa = PBXBuildFile; fileRef = EACA1CDD2E7E49B600C80883 /* AppTheme.swift */; };
		EACA1D002E7E49B600C80883 /* LMPageWrapper.swift in Sources */ = {isa = PBXBuildFile; fileRef = EACA1CD92E7E49B600C80883 /* LMPageWrapper.swift */; };
		EACA1D042E7E4B0A00C80883 /* LMLaunchSplashPage.swift in Sources */ = {isa = PBXBuildFile; fileRef = EACA1D032E7E4B0A00C80883 /* LMLaunchSplashPage.swift */; };
		EACA1D062E7E4C7C00C80883 /* LMPackageManager.swift in Sources */ = {isa = PBXBuildFile; fileRef = EACA1D052E7E4C7C00C80883 /* LMPackageManager.swift */; };
		EACA1D082E7E4CBF00C80883 /* LMPackageModel.swift in Sources */ = {isa = PBXBuildFile; fileRef = EACA1D072E7E4CBF00C80883 /* LMPackageModel.swift */; };
		EACA1D0A2E7E4EE900C80883 /* LMLogger.swift in Sources */ = {isa = PBXBuildFile; fileRef = EACA1D092E7E4EE900C80883 /* LMLogger.swift */; };
		EACA1D0C2E7E504F00C80883 /* LMWebViewPage.swift in Sources */ = {isa = PBXBuildFile; fileRef = EACA1D0B2E7E504F00C80883 /* LMWebViewPage.swift */; };
		EACA1D112E7E519100C80883 /* LMMinePage.swift in Sources */ = {isa = PBXBuildFile; fileRef = EACA1D102E7E519100C80883 /* LMMinePage.swift */; };
		EACB2E7C2EDC22B700983697 /* LMPhotoPreviewPage.swift in Sources */ = {isa = PBXBuildFile; fileRef = EACB2E7B2EDC22B700983697 /* LMPhotoPreviewPage.swift */; };
		EACB2E7E2EDC422700983697 /* LMCapturedPhotoData.swift in Sources */ = {isa = PBXBuildFile; fileRef = EACB2E7D2EDC422700983697 /* LMCapturedPhotoData.swift */; };
		EACB30E92EF63E3500EC643C /* LMCompositionJobDetailResponse.swift in Sources */ = {isa = PBXBuildFile; fileRef = EACB30E52EF63E3500EC643C /* LMCompositionJobDetailResponse.swift */; };
		EACB30EA2EF63E3500EC643C /* LMCompositionJobListResponse.swift in Sources */ = {isa = PBXBuildFile; fileRef = EACB30E62EF63E3500EC643C /* LMCompositionJobListResponse.swift */; };
		EACB30EB2EF63E3500EC643C /* LMFreeTrialResponse.swift in Sources */ = {isa = PBXBuildFile; fileRef = EACB30E82EF63E3500EC643C /* LMFreeTrialResponse.swift */; };
		EACB30EC2EF63E3500EC643C /* LMCompositionTaskDetailResponse.swift in Sources */ = {isa = PBXBuildFile; fileRef = EACB30E72EF63E3500EC643C /* LMCompositionTaskDetailResponse.swift */; };
		EACB30F02EF6B53E00EC643C /* LMProfileItemView.swift in Sources */ = {isa = PBXBuildFile; fileRef = EACB30EF2EF6B53E00EC643C /* LMProfileItemView.swift */; };
		EAFBAC952E7E548A00586EC7 /* LMSignInPage.swift in Sources */ = {isa = PBXBuildFile; fileRef = EAFBAC942E7E548A00586EC7 /* LMSignInPage.swift */; };
		EAFBAC992E7E5A0800586EC7 /* LMMineUserInfoView.swift in Sources */ = {isa = PBXBuildFile; fileRef = EAFBAC982E7E5A0800586EC7 /* LMMineUserInfoView.swift */; };
		EAFBAC9F2E7E65B000586EC7 /* LMProcessorTopBar.swift in Sources */ = {isa = PBXBuildFile; fileRef = EAFBAC9E2E7E65B000586EC7 /* LMProcessorTopBar.swift */; };
		EAFBACA42E7E695100586EC7 /* LMMembershipCardView.swift in Sources */ = {isa = PBXBuildFile; fileRef = EAFBACA32E7E695100586EC7 /* LMMembershipCardView.swift */; };
		EAFBACA92E7E6C1B00586EC7 /* LMFloatingCameraButton.swift in Sources */ = {isa = PBXBuildFile; fileRef = EAFBACA82E7E6C1B00586EC7 /* LMFloatingCameraButton.swift */; };
		EAFBACAB2E7E72BC00586EC7 /* LMNewInstallerPage.swift in Sources */ = {isa = PBXBuildFile; fileRef = EAFBACAA2E7E72BC00586EC7 /* LMNewInstallerPage.swift */; };
		EAFBACAF2E7E79C100586EC7 /* LMWelcomeAuthenticationView.swift in Sources */ = {isa = PBXBuildFile; fileRef = EAFBACAD2E7E79C100586EC7 /* LMWelcomeAuthenticationView.swift */; };
		EAFBACB02E7E79C100586EC7 /* LMFeaturePreviewView.swift in Sources */ = {isa = PBXBuildFile; fileRef = EAFBACAC2E7E79C100586EC7 /* LMFeaturePreviewView.swift */; };
		EAFBACB22E7E7B0100586EC7 /* LMSignUpPage.swift in Sources */ = {isa = PBXBuildFile; fileRef = EAFBACB12E7E7B0100586EC7 /* LMSignUpPage.swift */; };
		EAFBACB52E7E7C7100586EC7 /* LMValidatedInputField.swift in Sources */ = {isa = PBXBuildFile; fileRef = EAFBACB32E7E7C7100586EC7 /* LMValidatedInputField.swift */; };
		EAFBACB72E7E7D1F00586EC7 /* LMCameraPage.swift in Sources */ = {isa = PBXBuildFile; fileRef = EAFBACB62E7E7D1F00586EC7 /* LMCameraPage.swift */; };
		EAFBACBB2E7E7E7500586EC7 /* LMCameraControlsView.swift in Sources */ = {isa = PBXBuildFile; fileRef = EAFBACB92E7E7E7500586EC7 /* LMCameraControlsView.swift */; };
		EAFBACBC2E7E7E7500586EC7 /* LMCameraPreviewView.swift in Sources */ = {isa = PBXBuildFile; fileRef = EAFBACBA2E7E7E7500586EC7 /* LMCameraPreviewView.swift */; };
		EAFBACBD2E7E7E7500586EC7 /* LMCameraBottomControlsView.swift in Sources */ = {isa = PBXBuildFile; fileRef = EAFBACB82E7E7E7500586EC7 /* LMCameraBottomControlsView.swift */; };
		EAFBACC12E87DE4E00586EC7 /* LMCameraGridOverlayView.swift in Sources */ = {isa = PBXBuildFile; fileRef = EAFBACBF2E87DE4E00586EC7 /* LMCameraGridOverlayView.swift */; };
		EAFBACC42E8F69BB00586EC7 /* LMAccountProfilePage.swift in Sources */ = {isa = PBXBuildFile; fileRef = EAFBACC22E8F69BB00586EC7 /* LMAccountProfilePage.swift */; };
		EAFBACC62E8F69D100586EC7 /* LMUserProfileModel.swift in Sources */ = {isa = PBXBuildFile; fileRef = EAFBACC52E8F69D100586EC7 /* LMUserProfileModel.swift */; };
		EAFBAD792E8FCB4E00586EC7 /* LMUserModel.swift in Sources */ = {isa = PBXBuildFile; fileRef = EAFBAD782E8FCB4E00586EC7 /* LMUserModel.swift */; };
		EAFBAD7B2E936ABD00586EC7 /* LMNavigationTitleView.swift in Sources */ = {isa = PBXBuildFile; fileRef = EAFBAD7A2E936ABD00586EC7 /* LMNavigationTitleView.swift */; };
		EAFBAD7D2E93790E00586EC7 /* LMForgotPasswordPage.swift in Sources */ = {isa = PBXBuildFile; fileRef = EAFBAD7C2E93790E00586EC7 /* LMForgotPasswordPage.swift */; };
		EAFBAD7F2E93804000586EC7 /* LMAboutPage.swift in Sources */ = {isa = PBXBuildFile; fileRef = EAFBAD7E2E93804000586EC7 /* LMAboutPage.swift */; };
		EAFBAD812E938BEF00586EC7 /* LMSettingPage.swift in Sources */ = {isa = PBXBuildFile; fileRef = EAFBAD802E938BEF00586EC7 /* LMSettingPage.swift */; };
		EAFBAD832E93905B00586EC7 /* LMContactUsPage.swift in Sources */ = {isa = PBXBuildFile; fileRef = EAFBAD822E93905B00586EC7 /* LMContactUsPage.swift */; };
		EAFBAD852E9393E400586EC7 /* LMLanguagePage.swift in Sources */ = {isa = PBXBuildFile; fileRef = EAFBAD842E9393E400586EC7 /* LMLanguagePage.swift */; };
		EAFBAD882E93B94B00586EC7 /* LMPhotoCollectionView.swift in Sources */ = {isa = PBXBuildFile; fileRef = EAFBAD862E93B94B00586EC7 /* LMPhotoCollectionView.swift */; };
		EAFBAD8A2E9B8A4800586EC7 /* LMUserManager.swift in Sources */ = {isa = PBXBuildFile; fileRef = EAFBAD892E9B8A4800586EC7 /* LMUserManager.swift */; };
		EAFBADC22EA36E4500586EC7 /* LMGalleryPageView.swift in Sources */ = {isa = PBXBuildFile; fileRef = EAFBADC12EA36E4500586EC7 /* LMGalleryPageView.swift */; };
		EAFBADC42EA36E5900586EC7 /* LMIdeasPageView.swift in Sources */ = {isa = PBXBuildFile; fileRef = EAFBADC32EA36E5900586EC7 /* LMIdeasPageView.swift */; };
		EAFBADC62EA4C34300586EC7 /* LMFAQPage.swift in Sources */ = {isa = PBXBuildFile; fileRef = EAFBADC52EA4C34300586EC7 /* LMFAQPage.swift */; };
		EAFBADC82EA4C90E00586EC7 /* LMNotificationsPage.swift in Sources */ = {isa = PBXBuildFile; fileRef = EAFBADC72EA4C90E00586EC7 /* LMNotificationsPage.swift */; };
		ED1A82AB7EA3BF2D0B7016C1 /* Pods_processor.framework in Frameworks */ = {isa = PBXBuildFile; fileRef = 4C28EB87E028DD5A58EC92E8 /* Pods_processor.framework */; };
		F0A1B2C32F1A000100000001 /* LMARGuidanceMode.swift in Sources */ = {isa = PBXBuildFile; fileRef = F0A1B2C32F1A000100000002 /* LMARGuidanceMode.swift */; };
/* End PBXBuildFile section */

/* Begin PBXFileReference section */
		4C28EB87E028DD5A58EC92E8 /* Pods_processor.framework */ = {isa = PBXFileReference; explicitFileType = wrapper.framework; includeInIndex = 0; path = Pods_processor.framework; sourceTree = BUILT_PRODUCTS_DIR; };
		8769BF2F6929F4BC71A1AC30 /* Pods-processor.debug.xcconfig */ = {isa = PBXFileReference; includeInIndex = 1; lastKnownFileType = text.xcconfig; name = "Pods-processor.debug.xcconfig"; path = "Target Support Files/Pods-processor/Pods-processor.debug.xcconfig"; sourceTree = "<group>"; };
		E918F2844F67229435DD4374 /* Pods-processor.release.xcconfig */ = {isa = PBXFileReference; includeInIndex = 1; lastKnownFileType = text.xcconfig; name = "Pods-processor.release.xcconfig"; path = "Target Support Files/Pods-processor/Pods-processor.release.xcconfig"; sourceTree = "<group>"; };
		EA0A47352EBF8F19002CBB80 /* LMSubscriptionAdRewardsView.swift */ = {isa = PBXFileReference; lastKnownFileType = sourcecode.swift; path = LMSubscriptionAdRewardsView.swift; sourceTree = "<group>"; };
		EA0A47362EBF8F19002CBB80 /* LMSubscriptionCountdownView.swift */ = {isa = PBXFileReference; lastKnownFileType = sourcecode.swift; path = LMSubscriptionCountdownView.swift; sourceTree = "<group>"; };
		EA0A47372EBF8F19002CBB80 /* LMSubscriptionDialogView.swift */ = {isa = PBXFileReference; lastKnownFileType = sourcecode.swift; path = LMSubscriptionDialogView.swift; sourceTree = "<group>"; };
		EA0A47382EBF8F19002CBB80 /* LMSubscriptionFooterView.swift */ = {isa = PBXFileReference; lastKnownFileType = sourcecode.swift; path = LMSubscriptionFooterView.swift; sourceTree = "<group>"; };
		EA0A47392EBF8F19002CBB80 /* LMSubscriptionHeroView.swift */ = {isa = PBXFileReference; lastKnownFileType = sourcecode.swift; path = LMSubscriptionHeroView.swift; sourceTree = "<group>"; };
		EA0A473A2EBF8F19002CBB80 /* LMSubscriptionPlanCardView.swift */ = {isa = PBXFileReference; lastKnownFileType = sourcecode.swift; path = LMSubscriptionPlanCardView.swift; sourceTree = "<group>"; };
		EA0A473B2EBF8F19002CBB80 /* LMSubscriptionProgressView.swift */ = {isa = PBXFileReference; lastKnownFileType = sourcecode.swift; path = LMSubscriptionProgressView.swift; sourceTree = "<group>"; };
		EA0A47432EBF8F3C002CBB80 /* SubscriptionPlan.swift */ = {isa = PBXFileReference; lastKnownFileType = sourcecode.swift; path = SubscriptionPlan.swift; sourceTree = "<group>"; };
		EA0A47452EBF995C002CBB80 /* LMStoreManager.swift */ = {isa = PBXFileReference; lastKnownFileType = sourcecode.swift; path = LMStoreManager.swift; sourceTree = "<group>"; };
		EA3F16652EE3DDAE00B24DA8 /* LMCameraStreamDetectionManager.swift */ = {isa = PBXFileReference; lastKnownFileType = sourcecode.swift; path = LMCameraStreamDetectionManager.swift; sourceTree = "<group>"; };
		EA3F16662EE3DDAE00B24DA8 /* LMPersonDetectionProtocol.swift */ = {isa = PBXFileReference; lastKnownFileType = sourcecode.swift; path = LMPersonDetectionProtocol.swift; sourceTree = "<group>"; };
		EA3F16672EE3DDAE00B24DA8 /* LMReferenceImageDetectionManager.swift */ = {isa = PBXFileReference; lastKnownFileType = sourcecode.swift; path = LMReferenceImageDetectionManager.swift; sourceTree = "<group>"; };
		EA3F166B2EE3DDCC00B24DA8 /* LMARGuidanceView.swift */ = {isa = PBXFileReference; lastKnownFileType = sourcecode.swift; path = LMARGuidanceView.swift; sourceTree = "<group>"; };
		EA3F166E2EE3DFA800B24DA8 /* LMOrientationMatcher.swift */ = {isa = PBXFileReference; lastKnownFileType = sourcecode.swift; path = LMOrientationMatcher.swift; sourceTree = "<group>"; };
		EA3F16722EE41D8500B24DA8 /* LMDeviceOrientationManager.swift */ = {isa = PBXFileReference; lastKnownFileType = sourcecode.swift; path = LMDeviceOrientationManager.swift; sourceTree = "<group>"; };
		EA4032A12EE077BA002B7A40 /* LMSuggestionBoundBoxManager.swift */ = {isa = PBXFileReference; lastKnownFileType = sourcecode.swift; path = LMSuggestionBoundBoxManager.swift; sourceTree = "<group>"; };
		EA53553B2EE57BF100610950 /* LMAuthGuard.swift */ = {isa = PBXFileReference; lastKnownFileType = sourcecode.swift; path = LMAuthGuard.swift; sourceTree = "<group>"; };
		EA54E1DA2EBEED04000DB5EE /* LMSubscriptionPage.swift */ = {isa = PBXFileReference; lastKnownFileType = sourcecode.swift; path = LMSubscriptionPage.swift; sourceTree = "<group>"; };
		EA54E1DC2EBF19F5000DB5EE /* processor.entitlements */ = {isa = PBXFileReference; lastKnownFileType = text.plist.entitlements; path = processor.entitlements; sourceTree = "<group>"; };
		EA56DD962EC02B23000AB522 /* LMPopularTagView.swift */ = {isa = PBXFileReference; lastKnownFileType = sourcecode.swift; path = LMPopularTagView.swift; sourceTree = "<group>"; };
		EA56DD982EC076B6000AB522 /* LMGalleryDetailPage.swift */ = {isa = PBXFileReference; lastKnownFileType = sourcecode.swift; path = LMGalleryDetailPage.swift; sourceTree = "<group>"; };
		EA56DD992EC076B6000AB522 /* LMSavedIdeaDetailPage.swift */ = {isa = PBXFileReference; lastKnownFileType = sourcecode.swift; path = LMSavedIdeaDetailPage.swift; sourceTree = "<group>"; };
		EA56DD9C2EC07CAD000AB522 /* LMCompositionAnalysisModel.swift */ = {isa = PBXFileReference; lastKnownFileType = sourcecode.swift; path = LMCompositionAnalysisModel.swift; sourceTree = "<group>"; };
		EA56DDA02EC08078000AB522 /* LMPersonDetectionManager.swift */ = {isa = PBXFileReference; lastKnownFileType = sourcecode.swift; path = LMPersonDetectionManager.swift; sourceTree = "<group>"; };
		EA56DDA62EC0833D000AB522 /* LMCompositionService.swift */ = {isa = PBXFileReference; lastKnownFileType = sourcecode.swift; path = LMCompositionService.swift; sourceTree = "<group>"; };
		EA56DDAC2EC08E1D000AB522 /* LMCameraPage+ARGuidance.swift */ = {isa = PBXFileReference; lastKnownFileType = sourcecode.swift; path = "LMCameraPage+ARGuidance.swift"; sourceTree = "<group>"; };
		EA56DDAD2EC08E1D000AB522 /* LMCameraPage+Capture.swift */ = {isa = PBXFileReference; lastKnownFileType = sourcecode.swift; path = "LMCameraPage+Capture.swift"; sourceTree = "<group>"; };
		EA56DDAE2EC08E1D000AB522 /* LMCameraPage+Delegates.swift */ = {isa = PBXFileReference; lastKnownFileType = sourcecode.swift; path = "LMCameraPage+Delegates.swift"; sourceTree = "<group>"; };
		EA56DDAF2EC08E1D000AB522 /* LMCameraPage+ImageProcessing.swift */ = {isa = PBXFileReference; lastKnownFileType = sourcecode.swift; path = "LMCameraPage+ImageProcessing.swift"; sourceTree = "<group>"; };
		EA56DDB02EC08E1D000AB522 /* LMCameraPage+InspireMe.swift */ = {isa = PBXFileReference; lastKnownFileType = sourcecode.swift; path = "LMCameraPage+InspireMe.swift"; sourceTree = "<group>"; };
		EA56DDBE2EC08E81000AB522 /* LMCameraPage+Session.swift */ = {isa = PBXFileReference; lastKnownFileType = sourcecode.swift; path = "LMCameraPage+Session.swift"; sourceTree = "<group>"; };
		EA56DDC02EC091B1000AB522 /* BoundingBox.swift */ = {isa = PBXFileReference; lastKnownFileType = sourcecode.swift; path = BoundingBox.swift; sourceTree = "<group>"; };
		EA56DDC32EC091B1000AB522 /* LMCompositionResult.swift */ = {isa = PBXFileReference; lastKnownFileType = sourcecode.swift; path = LMCompositionResult.swift; sourceTree = "<group>"; };
		EA56DDC42EC091B1000AB522 /* LMCompositionResultsResponse.swift */ = {isa = PBXFileReference; lastKnownFileType = sourcecode.swift; path = LMCompositionResultsResponse.swift; sourceTree = "<group>"; };
		EA56DDC52EC091B1000AB522 /* LMCompositionSuggestion.swift */ = {isa = PBXFileReference; lastKnownFileType = sourcecode.swift; path = LMCompositionSuggestion.swift; sourceTree = "<group>"; };
		EA56DDC62EC091B1000AB522 /* LMCompositionSuggestionsResponse.swift */ = {isa = PBXFileReference; lastKnownFileType = sourcecode.swift; path = LMCompositionSuggestionsResponse.swift; sourceTree = "<group>"; };
		EA56DDC72EC091B1000AB522 /* LMCompositionTaskResponse.swift */ = {isa = PBXFileReference; lastKnownFileType = sourcecode.swift; path = LMCompositionTaskResponse.swift; sourceTree = "<group>"; };
		EA56DDC92EC091B1000AB522 /* LMConfirmSuggestionResponse.swift */ = {isa = PBXFileReference; lastKnownFileType = sourcecode.swift; path = LMConfirmSuggestionResponse.swift; sourceTree = "<group>"; };
		EA56DDCA2EC091B1000AB522 /* LMLoginResponse.swift */ = {isa = PBXFileReference; lastKnownFileType = sourcecode.swift; path = LMLoginResponse.swift; sourceTree = "<group>"; };
		EA56DDCC2EC091B1000AB522 /* LMRefreshTokenResponse.swift */ = {isa = PBXFileReference; lastKnownFileType = sourcecode.swift; path = LMRefreshTokenResponse.swift; sourceTree = "<group>"; };
		EA56DDCF2EC091B1000AB522 /* LMUserRegisterResponse.swift */ = {isa = PBXFileReference; lastKnownFileType = sourcecode.swift; path = LMUserRegisterResponse.swift; sourceTree = "<group>"; };
		EA56DDE32EC091BD000AB522 /* LMApiService.swift */ = {isa = PBXFileReference; lastKnownFileType = sourcecode.swift; path = LMApiService.swift; sourceTree = "<group>"; };
		EA5835432EC976200013E531 /* LMCameraPage+ShowSuggestions.swift */ = {isa = PBXFileReference; lastKnownFileType = sourcecode.swift; path = "LMCameraPage+ShowSuggestions.swift"; sourceTree = "<group>"; };
		EA5835502EC99E1F0013E531 /* LMInspireMeRecord.swift */ = {isa = PBXFileReference; lastKnownFileType = sourcecode.swift; path = LMInspireMeRecord.swift; sourceTree = "<group>"; };
		EA5835552EC9DBC70013E531 /* language_config.json */ = {isa = PBXFileReference; lastKnownFileType = text.json; path = language_config.json; sourceTree = "<group>"; };
		EA6019332EC82D130067F2F7 /* LMInspireMeButtonView.swift */ = {isa = PBXFileReference; lastKnownFileType = sourcecode.swift; path = LMInspireMeButtonView.swift; sourceTree = "<group>"; };
		EA6019352EC877620067F2F7 /* LMAppleAuthManager.swift */ = {isa = PBXFileReference; lastKnownFileType = sourcecode.swift; path = LMAppleAuthManager.swift; sourceTree = "<group>"; };
		EA6019372EC877620067F2F7 /* LMSessionManager.swift */ = {isa = PBXFileReference; lastKnownFileType = sourcecode.swift; path = LMSessionManager.swift; sourceTree = "<group>"; };
		EA60193F2EC8778B0067F2F7 /* TaskStatus.swift */ = {isa = PBXFileReference; lastKnownFileType = sourcecode.swift; path = TaskStatus.swift; sourceTree = "<group>"; };
		EA6019452EC877C20067F2F7 /* LMEmailVerificationPage.swift */ = {isa = PBXFileReference; lastKnownFileType = sourcecode.swift; path = LMEmailVerificationPage.swift; sourceTree = "<group>"; };
		EA7F25A92F066E850008E091 /* LMCameraPage+Guide.swift */ = {isa = PBXFileReference; lastKnownFileType = sourcecode.swift; path = "LMCameraPage+Guide.swift"; sourceTree = "<group>"; };
		EA7F25AB2F066E9B0008E091 /* LMCameraGuideManager.swift */ = {isa = PBXFileReference; lastKnownFileType = sourcecode.swift; path = LMCameraGuideManager.swift; sourceTree = "<group>"; };
		EA7F25AD2F066EAD0008E091 /* LMCameraGuideView.swift */ = {isa = PBXFileReference; lastKnownFileType = sourcecode.swift; path = LMCameraGuideView.swift; sourceTree = "<group>"; };
		EA7F25AF2F066FCA0008E091 /* single_tap.json */ = {isa = PBXFileReference; lastKnownFileType = text.json; path = single_tap.json; sourceTree = "<group>"; };
		EA7F25B02F066FCA0008E091 /* swipe_up_animation.json */ = {isa = PBXFileReference; lastKnownFileType = text.json; path = swipe_up_animation.json; sourceTree = "<group>"; };
		EA7F25B32F06B8850008E091 /* LMPrivacyPermissionView.swift */ = {isa = PBXFileReference; lastKnownFileType = sourcecode.swift; path = LMPrivacyPermissionView.swift; sourceTree = "<group>"; };
		EA8629A22EB5A13F00F2B00E /* EVA02.mlpackage */ = {isa = PBXFileReference; lastKnownFileType = folder.mlpackage; path = EVA02.mlpackage; sourceTree = "<group>"; };
		EA8629A42EB5A15800F2B00E /* LMImageProcessor.swift */ = {isa = PBXFileReference; lastKnownFileType = sourcecode.swift; path = LMImageProcessor.swift; sourceTree = "<group>"; };
		EA8629A62EB5B16300F2B00E /* LMProfileDisplayView.swift */ = {isa = PBXFileReference; lastKnownFileType = sourcecode.swift; path = LMProfileDisplayView.swift; sourceTree = "<group>"; };
		EA8629A82EB5B18B00F2B00E /* LMProfileEditView.swift */ = {isa = PBXFileReference; lastKnownFileType = sourcecode.swift; path = LMProfileEditView.swift; sourceTree = "<group>"; };
		EA8629AA2EB5B70300F2B00E /* LMNotificationTableViewCell.swift */ = {isa = PBXFileReference; lastKnownFileType = sourcecode.swift; path = LMNotificationTableViewCell.swift; sourceTree = "<group>"; };
		EA8629AC2EB5EEF700F2B00E /* LMCameraGuidanceOverlayView.swift */ = {isa = PBXFileReference; lastKnownFileType = sourcecode.swift; path = LMCameraGuidanceOverlayView.swift; sourceTree = "<group>"; };
		EA8629AE2EB5EEF700F2B00E /* LMCameraPreviewManager.swift */ = {isa = PBXFileReference; lastKnownFileType = sourcecode.swift; path = LMCameraPreviewManager.swift; sourceTree = "<group>"; };
		EA8629AF2EB5EEF700F2B00E /* LMSuggestionCardView.swift */ = {isa = PBXFileReference; lastKnownFileType = sourcecode.swift; path = LMSuggestionCardView.swift; sourceTree = "<group>"; };
		EA8629B02EB5EEF700F2B00E /* LMSuggestionsCarouselView.swift */ = {isa = PBXFileReference; lastKnownFileType = sourcecode.swift; path = LMSuggestionsCarouselView.swift; sourceTree = "<group>"; };
		EA8629B82EB5F7C000F2B00E /* LMLaunageManager.swift */ = {isa = PBXFileReference; lastKnownFileType = sourcecode.swift; path = LMLaunageManager.swift; sourceTree = "<group>"; };
		EA8629BA2EB5F85700F2B00E /* LMLaunageModel.swift */ = {isa = PBXFileReference; lastKnownFileType = sourcecode.swift; path = LMLaunageModel.swift; sourceTree = "<group>"; };
		EA8640632ED2D24800A0CD43 /* LMPhotoStorageManager.swift */ = {isa = PBXFileReference; lastKnownFileType = sourcecode.swift; path = LMPhotoStorageManager.swift; sourceTree = "<group>"; };
		EA8640642ED2D24800A0CD43 /* PhotoEntity+CoreDataClass.swift */ = {isa = PBXFileReference; lastKnownFileType = sourcecode.swift; path = "PhotoEntity+CoreDataClass.swift"; sourceTree = "<group>"; };
		EA8640652ED2D24800A0CD43 /* PhotoEntity+CoreDataProperties.swift */ = {isa = PBXFileReference; lastKnownFileType = sourcecode.swift; path = "PhotoEntity+CoreDataProperties.swift"; sourceTree = "<group>"; };
		EA86406D2ED2D8EB00A0CD43 /* LMPhotoStorageManager+SavedIdeas.swift */ = {isa = PBXFileReference; lastKnownFileType = sourcecode.swift; path = "LMPhotoStorageManager+SavedIdeas.swift"; sourceTree = "<group>"; };
		EA86406E2ED2D8EB00A0CD43 /* SavedIdeaEntity+CoreDataClass.swift */ = {isa = PBXFileReference; lastKnownFileType = sourcecode.swift; path = "SavedIdeaEntity+CoreDataClass.swift"; sourceTree = "<group>"; };
		EA86406F2ED2D8EB00A0CD43 /* SavedIdeaEntity+CoreDataProperties.swift */ = {isa = PBXFileReference; lastKnownFileType = sourcecode.swift; path = "SavedIdeaEntity+CoreDataProperties.swift"; sourceTree = "<group>"; };
		EAA37A7A2ED090230008081D /* LMAlertDialog.swift */ = {isa = PBXFileReference; lastKnownFileType = sourcecode.swift; path = LMAlertDialog.swift; sourceTree = "<group>"; };
		EAAF53EC2F15449500E961DC /* LMNotificationModel.swift */ = {isa = PBXFileReference; lastKnownFileType = sourcecode.swift; path = LMNotificationModel.swift; sourceTree = "<group>"; };
		EAAF53EE2F1544AF00E961DC /* LMNotificationDetailPage.swift */ = {isa = PBXFileReference; lastKnownFileType = sourcecode.swift; path = LMNotificationDetailPage.swift; sourceTree = "<group>"; };
		EAAF53F02F1544DD00E961DC /* LMNotificationManager.swift */ = {isa = PBXFileReference; lastKnownFileType = sourcecode.swift; path = LMNotificationManager.swift; sourceTree = "<group>"; };
		EACA1CCC2E7E49B600C80883 /* LMApi.swift */ = {isa = PBXFileReference; lastKnownFileType = sourcecode.swift; path = LMApi.swift; sourceTree = "<group>"; };
		EACA1CCD2E7E49B600C80883 /* LMApiClient.swift */ = {isa = PBXFileReference; lastKnownFileType = sourcecode.swift; path = LMApiClient.swift; sourceTree = "<group>"; };
		EACA1CD02E7E49B600C80883 /* LMApiResponseModel.swift */ = {isa = PBXFileReference; lastKnownFileType = sourcecode.swift; path = LMApiResponseModel.swift; sourceTree = "<group>"; };
		EACA1CD22E7E49B600C80883 /* LMMainRootPage.swift */ = {isa = PBXFileReference; lastKnownFileType = sourcecode.swift; path = LMMainRootPage.swift; sourceTree = "<group>"; };
		EACA1CD42E7E49B600C80883 /* LMVersionUpdateDialog.swift */ = {isa = PBXFileReference; lastKnownFileType = sourcecode.swift; path = LMVersionUpdateDialog.swift; sourceTree = "<group>"; };
		EACA1CD72E7E49B600C80883 /* LMDialogWrapper.swift */ = {isa = PBXFileReference; lastKnownFileType = sourcecode.swift; path = LMDialogWrapper.swift; sourceTree = "<group>"; };
		EACA1CD82E7E49B600C80883 /* LMNavigationWrapper.swift */ = {isa = PBXFileReference; lastKnownFileType = sourcecode.swift; path = LMNavigationWrapper.swift; sourceTree = "<group>"; };
		EACA1CD92E7E49B600C80883 /* LMPageWrapper.swift */ = {isa = PBXFileReference; lastKnownFileType = sourcecode.swift; path = LMPageWrapper.swift; sourceTree = "<group>"; };
		EACA1CDC2E7E49B600C80883 /* AppConfigs.swift */ = {isa = PBXFileReference; lastKnownFileType = sourcecode.swift; path = AppConfigs.swift; sourceTree = "<group>"; };
		EACA1CDD2E7E49B600C80883 /* AppTheme.swift */ = {isa = PBXFileReference; lastKnownFileType = sourcecode.swift; path = AppTheme.swift; sourceTree = "<group>"; };
		EACA1CDE2E7E49B600C80883 /* ObjectExtensions.swift */ = {isa = PBXFileReference; lastKnownFileType = sourcecode.swift; path = ObjectExtensions.swift; sourceTree = "<group>"; };
		EACA1CE52E7E49B600C80883 /* AppDelegate.swift */ = {isa = PBXFileReference; lastKnownFileType = sourcecode.swift; path = AppDelegate.swift; sourceTree = "<group>"; };
		EACA1CE62E7E49B600C80883 /* Assets.xcassets */ = {isa = PBXFileReference; lastKnownFileType = folder.assetcatalog; path = Assets.xcassets; sourceTree = "<group>"; };
		EACA1CE72E7E49B600C80883 /* Info.plist */ = {isa = PBXFileReference; lastKnownFileType = text.plist.xml; path = Info.plist; sourceTree = "<group>"; };
		EACA1CE82E7E49B600C80883 /* Base */ = {isa = PBXFileReference; lastKnownFileType = file.storyboard; name = Base; path = Base.lproj/LaunchScreen.storyboard; sourceTree = "<group>"; };
		EACA1CEB2E7E49B600C80883 /* SceneDelegate.swift */ = {isa = PBXFileReference; lastKnownFileType = sourcecode.swift; path = SceneDelegate.swift; sourceTree = "<group>"; };
		EACA1CED2E7E49B600C80883 /* processor.xcdatamodel */ = {isa = PBXFileReference; lastKnownFileType = wrapper.xcdatamodel; path = processor.xcdatamodel; sourceTree = "<group>"; };
		EACA1D032E7E4B0A00C80883 /* LMLaunchSplashPage.swift */ = {isa = PBXFileReference; lastKnownFileType = sourcecode.swift; path = LMLaunchSplashPage.swift; sourceTree = "<group>"; };
		EACA1D052E7E4C7C00C80883 /* LMPackageManager.swift */ = {isa = PBXFileReference; lastKnownFileType = sourcecode.swift; path = LMPackageManager.swift; sourceTree = "<group>"; };
		EACA1D072E7E4CBF00C80883 /* LMPackageModel.swift */ = {isa = PBXFileReference; lastKnownFileType = sourcecode.swift; path = LMPackageModel.swift; sourceTree = "<group>"; };
		EACA1D092E7E4EE900C80883 /* LMLogger.swift */ = {isa = PBXFileReference; lastKnownFileType = sourcecode.swift; path = LMLogger.swift; sourceTree = "<group>"; };
		EACA1D0B2E7E504F00C80883 /* LMWebViewPage.swift */ = {isa = PBXFileReference; lastKnownFileType = sourcecode.swift; path = LMWebViewPage.swift; sourceTree = "<group>"; };
		EACA1D102E7E519100C80883 /* LMMinePage.swift */ = {isa = PBXFileReference; lastKnownFileType = sourcecode.swift; path = LMMinePage.swift; sourceTree = "<group>"; };
		EACB2E7B2EDC22B700983697 /* LMPhotoPreviewPage.swift */ = {isa = PBXFileReference; lastKnownFileType = sourcecode.swift; path = LMPhotoPreviewPage.swift; sourceTree = "<group>"; };
		EACB2E7D2EDC422700983697 /* LMCapturedPhotoData.swift */ = {isa = PBXFileReference; lastKnownFileType = sourcecode.swift; path = LMCapturedPhotoData.swift; sourceTree = "<group>"; };
		EACB30E52EF63E3500EC643C /* LMCompositionJobDetailResponse.swift */ = {isa = PBXFileReference; lastKnownFileType = sourcecode.swift; path = LMCompositionJobDetailResponse.swift; sourceTree = "<group>"; };
		EACB30E62EF63E3500EC643C /* LMCompositionJobListResponse.swift */ = {isa = PBXFileReference; lastKnownFileType = sourcecode.swift; path = LMCompositionJobListResponse.swift; sourceTree = "<group>"; };
		EACB30E72EF63E3500EC643C /* LMCompositionTaskDetailResponse.swift */ = {isa = PBXFileReference; lastKnownFileType = sourcecode.swift; path = LMCompositionTaskDetailResponse.swift; sourceTree = "<group>"; };
		EACB30E82EF63E3500EC643C /* LMFreeTrialResponse.swift */ = {isa = PBXFileReference; lastKnownFileType = sourcecode.swift; path = LMFreeTrialResponse.swift; sourceTree = "<group>"; };
		EACB30EF2EF6B53E00EC643C /* LMProfileItemView.swift */ = {isa = PBXFileReference; lastKnownFileType = sourcecode.swift; path = LMProfileItemView.swift; sourceTree = "<group>"; };
		EAFBAC922E7E540D00586EC7 /* processor.app */ = {isa = PBXFileReference; explicitFileType = wrapper.application; includeInIndex = 0; path = processor.app; sourceTree = BUILT_PRODUCTS_DIR; };
		EAFBAC942E7E548A00586EC7 /* LMSignInPage.swift */ = {isa = PBXFileReference; lastKnownFileType = sourcecode.swift; path = LMSignInPage.swift; sourceTree = "<group>"; };
		EAFBAC982E7E5A0800586EC7 /* LMMineUserInfoView.swift */ = {isa = PBXFileReference; lastKnownFileType = sourcecode.swift; path = LMMineUserInfoView.swift; sourceTree = "<group>"; };
		EAFBAC9E2E7E65B000586EC7 /* LMProcessorTopBar.swift */ = {isa = PBXFileReference; lastKnownFileType = sourcecode.swift; path = LMProcessorTopBar.swift; sourceTree = "<group>"; };
		EAFBACA32E7E695100586EC7 /* LMMembershipCardView.swift */ = {isa = PBXFileReference; lastKnownFileType = sourcecode.swift; path = LMMembershipCardView.swift; sourceTree = "<group>"; };
		EAFBACA82E7E6C1B00586EC7 /* LMFloatingCameraButton.swift */ = {isa = PBXFileReference; lastKnownFileType = sourcecode.swift; path = LMFloatingCameraButton.swift; sourceTree = "<group>"; };
		EAFBACAA2E7E72BC00586EC7 /* LMNewInstallerPage.swift */ = {isa = PBXFileReference; lastKnownFileType = sourcecode.swift; path = LMNewInstallerPage.swift; sourceTree = "<group>"; };
		EAFBACAC2E7E79C100586EC7 /* LMFeaturePreviewView.swift */ = {isa = PBXFileReference; lastKnownFileType = sourcecode.swift; path = LMFeaturePreviewView.swift; sourceTree = "<group>"; };
		EAFBACAD2E7E79C100586EC7 /* LMWelcomeAuthenticationView.swift */ = {isa = PBXFileReference; lastKnownFileType = sourcecode.swift; path = LMWelcomeAuthenticationView.swift; sourceTree = "<group>"; };
		EAFBACB12E7E7B0100586EC7 /* LMSignUpPage.swift */ = {isa = PBXFileReference; lastKnownFileType = sourcecode.swift; path = LMSignUpPage.swift; sourceTree = "<group>"; };
		EAFBACB32E7E7C7100586EC7 /* LMValidatedInputField.swift */ = {isa = PBXFileReference; lastKnownFileType = sourcecode.swift; path = LMValidatedInputField.swift; sourceTree = "<group>"; };
		EAFBACB62E7E7D1F00586EC7 /* LMCameraPage.swift */ = {isa = PBXFileReference; lastKnownFileType = sourcecode.swift; path = LMCameraPage.swift; sourceTree = "<group>"; };
		EAFBACB82E7E7E7500586EC7 /* LMCameraBottomControlsView.swift */ = {isa = PBXFileReference; lastKnownFileType = sourcecode.swift; path = LMCameraBottomControlsView.swift; sourceTree = "<group>"; };
		EAFBACB92E7E7E7500586EC7 /* LMCameraControlsView.swift */ = {isa = PBXFileReference; lastKnownFileType = sourcecode.swift; path = LMCameraControlsView.swift; sourceTree = "<group>"; };
		EAFBACBA2E7E7E7500586EC7 /* LMCameraPreviewView.swift */ = {isa = PBXFileReference; lastKnownFileType = sourcecode.swift; path = LMCameraPreviewView.swift; sourceTree = "<group>"; };
		EAFBACBF2E87DE4E00586EC7 /* LMCameraGridOverlayView.swift */ = {isa = PBXFileReference; lastKnownFileType = sourcecode.swift; path = LMCameraGridOverlayView.swift; sourceTree = "<group>"; };
		EAFBACC22E8F69BB00586EC7 /* LMAccountProfilePage.swift */ = {isa = PBXFileReference; lastKnownFileType = sourcecode.swift; path = LMAccountProfilePage.swift; sourceTree = "<group>"; };
		EAFBACC52E8F69D100586EC7 /* LMUserProfileModel.swift */ = {isa = PBXFileReference; lastKnownFileType = sourcecode.swift; path = LMUserProfileModel.swift; sourceTree = "<group>"; };
		EAFBAD782E8FCB4E00586EC7 /* LMUserModel.swift */ = {isa = PBXFileReference; lastKnownFileType = sourcecode.swift; path = LMUserModel.swift; sourceTree = "<group>"; };
		EAFBAD7A2E936ABD00586EC7 /* LMNavigationTitleView.swift */ = {isa = PBXFileReference; lastKnownFileType = sourcecode.swift; path = LMNavigationTitleView.swift; sourceTree = "<group>"; };
		EAFBAD7C2E93790E00586EC7 /* LMForgotPasswordPage.swift */ = {isa = PBXFileReference; lastKnownFileType = sourcecode.swift; path = LMForgotPasswordPage.swift; sourceTree = "<group>"; };
		EAFBAD7E2E93804000586EC7 /* LMAboutPage.swift */ = {isa = PBXFileReference; lastKnownFileType = sourcecode.swift; path = LMAboutPage.swift; sourceTree = "<group>"; };
		EAFBAD802E938BEF00586EC7 /* LMSettingPage.swift */ = {isa = PBXFileReference; lastKnownFileType = sourcecode.swift; path = LMSettingPage.swift; sourceTree = "<group>"; };
		EAFBAD822E93905B00586EC7 /* LMContactUsPage.swift */ = {isa = PBXFileReference; lastKnownFileType = sourcecode.swift; path = LMContactUsPage.swift; sourceTree = "<group>"; };
		EAFBAD842E9393E400586EC7 /* LMLanguagePage.swift */ = {isa = PBXFileReference; lastKnownFileType = sourcecode.swift; path = LMLanguagePage.swift; sourceTree = "<group>"; };
		EAFBAD862E93B94B00586EC7 /* LMPhotoCollectionView.swift */ = {isa = PBXFileReference; lastKnownFileType = sourcecode.swift; path = LMPhotoCollectionView.swift; sourceTree = "<group>"; };
		EAFBAD892E9B8A4800586EC7 /* LMUserManager.swift */ = {isa = PBXFileReference; lastKnownFileType = sourcecode.swift; path = LMUserManager.swift; sourceTree = "<group>"; };
		EAFBADC12EA36E4500586EC7 /* LMGalleryPageView.swift */ = {isa = PBXFileReference; lastKnownFileType = sourcecode.swift; path = LMGalleryPageView.swift; sourceTree = "<group>"; };
		EAFBADC32EA36E5900586EC7 /* LMIdeasPageView.swift */ = {isa = PBXFileReference; lastKnownFileType = sourcecode.swift; path = LMIdeasPageView.swift; sourceTree = "<group>"; };
		EAFBADC52EA4C34300586EC7 /* LMFAQPage.swift */ = {isa = PBXFileReference; lastKnownFileType = sourcecode.swift; path = LMFAQPage.swift; sourceTree = "<group>"; };
		EAFBADC72EA4C90E00586EC7 /* LMNotificationsPage.swift */ = {isa = PBXFileReference; lastKnownFileType = sourcecode.swift; path = LMNotificationsPage.swift; sourceTree = "<group>"; };
		F0A1B2C32F1A000100000002 /* LMARGuidanceMode.swift */ = {isa = PBXFileReference; lastKnownFileType = sourcecode.swift; path = LMARGuidanceMode.swift; sourceTree = "<group>"; };
/* End PBXFileReference section */

/* Begin PBXFrameworksBuildPhase section */
		EACA1BEE2E7E408900C80883 /* Frameworks */ = {
			isa = PBXFrameworksBuildPhase;
			buildActionMask = 2147483647;
			files = (
				ED1A82AB7EA3BF2D0B7016C1 /* Pods_processor.framework in Frameworks */,
			);
			runOnlyForDeploymentPostprocessing = 0;
		};
/* End PBXFrameworksBuildPhase section */

/* Begin PBXGroup section */
		4DB9550AE951C16458CB175B /* Frameworks */ = {
			isa = PBXGroup;
			children = (
				4C28EB87E028DD5A58EC92E8 /* Pods_processor.framework */,
			);
			name = Frameworks;
			sourceTree = "<group>";
		};
		B6D676A52273F4EC9040FD29 /* Pods */ = {
			isa = PBXGroup;
			children = (
				8769BF2F6929F4BC71A1AC30 /* Pods-processor.debug.xcconfig */,
				E918F2844F67229435DD4374 /* Pods-processor.release.xcconfig */,
			);
			path = Pods;
			sourceTree = "<group>";
		};
		EA0A47342EBF8F03002CBB80 /* subscription */ = {
			isa = PBXGroup;
			children = (
				EA0A47352EBF8F19002CBB80 /* LMSubscriptionAdRewardsView.swift */,
				EA0A47362EBF8F19002CBB80 /* LMSubscriptionCountdownView.swift */,
				EA0A47372EBF8F19002CBB80 /* LMSubscriptionDialogView.swift */,
				EA0A47382EBF8F19002CBB80 /* LMSubscriptionFooterView.swift */,
				EA0A47392EBF8F19002CBB80 /* LMSubscriptionHeroView.swift */,
				EA0A473A2EBF8F19002CBB80 /* LMSubscriptionPlanCardView.swift */,
				EA56DD962EC02B23000AB522 /* LMPopularTagView.swift */,
				EA0A473B2EBF8F19002CBB80 /* LMSubscriptionProgressView.swift */,
			);
			path = subscription;
			sourceTree = "<group>";
		};
		EA3F166F2EE3DFA800B24DA8 /* utils */ = {
			isa = PBXGroup;
			children = (
				EA86406D2ED2D8EB00A0CD43 /* LMPhotoStorageManager+SavedIdeas.swift */,
				EA86406E2ED2D8EB00A0CD43 /* SavedIdeaEntity+CoreDataClass.swift */,
				EA86406F2ED2D8EB00A0CD43 /* SavedIdeaEntity+CoreDataProperties.swift */,
				EA8640632ED2D24800A0CD43 /* LMPhotoStorageManager.swift */,
				EA8640642ED2D24800A0CD43 /* PhotoEntity+CoreDataClass.swift */,
				EA8640652ED2D24800A0CD43 /* PhotoEntity+CoreDataProperties.swift */,
				EA3F166E2EE3DFA800B24DA8 /* LMOrientationMatcher.swift */,
			);
			path = utils;
			sourceTree = "<group>";
		};
		EA56DDE92EC0B379000AB522 /* api */ = {
			isa = PBXGroup;
			children = (
				EACA1CCC2E7E49B600C80883 /* LMApi.swift */,
				EACA1CCD2E7E49B600C80883 /* LMApiClient.swift */,
				EA56DDE32EC091BD000AB522 /* LMApiService.swift */,
			);
			path = api;
			sourceTree = "<group>";
		};
		EACA1BE82E7E408900C80883 = {
			isa = PBXGroup;
			children = (
				EACA1CEC2E7E49B600C80883 /* processor */,
				EACA1BF22E7E408900C80883 /* Products */,
				B6D676A52273F4EC9040FD29 /* Pods */,
				4DB9550AE951C16458CB175B /* Frameworks */,
			);
			sourceTree = "<group>";
		};
		EACA1BF22E7E408900C80883 /* Products */ = {
			isa = PBXGroup;
			children = (
				EAFBAC922E7E540D00586EC7 /* processor.app */,
			);
			name = Products;
			sourceTree = "<group>";
		};
		EACA1CCF2E7E49B600C80883 /* managers */ = {
			isa = PBXGroup;
			children = (
				EAAF53F02F1544DD00E961DC /* LMNotificationManager.swift */,
				EA7F25AB2F066E9B0008E091 /* LMCameraGuideManager.swift */,
				EA53553B2EE57BF100610950 /* LMAuthGuard.swift */,
				EA3F16722EE41D8500B24DA8 /* LMDeviceOrientationManager.swift */,
				EA3F16652EE3DDAE00B24DA8 /* LMCameraStreamDetectionManager.swift */,
				EA3F16662EE3DDAE00B24DA8 /* LMPersonDetectionProtocol.swift */,
				EA3F16672EE3DDAE00B24DA8 /* LMReferenceImageDetectionManager.swift */,
				EA6019352EC877620067F2F7 /* LMAppleAuthManager.swift */,
				EA6019372EC877620067F2F7 /* LMSessionManager.swift */,
				EA56DDA62EC0833D000AB522 /* LMCompositionService.swift */,
				EA56DDA02EC08078000AB522 /* LMPersonDetectionManager.swift */,
				EA4032A12EE077BA002B7A40 /* LMSuggestionBoundBoxManager.swift */,
				EA8629A42EB5A15800F2B00E /* LMImageProcessor.swift */,
				EACA1D052E7E4C7C00C80883 /* LMPackageManager.swift */,
				EACA1D092E7E4EE900C80883 /* LMLogger.swift */,
				EAFBAD892E9B8A4800586EC7 /* LMUserManager.swift */,
				EA8629B82EB5F7C000F2B00E /* LMLaunageManager.swift */,
				EA0A47452EBF995C002CBB80 /* LMStoreManager.swift */,
			);
			path = managers;
			sourceTree = "<group>";
		};
		EACA1CD12E7E49B600C80883 /* models */ = {
			isa = PBXGroup;
			children = (
				EAAF53EC2F15449500E961DC /* LMNotificationModel.swift */,
				EACB30E52EF63E3500EC643C /* LMCompositionJobDetailResponse.swift */,
				EACB30E62EF63E3500EC643C /* LMCompositionJobListResponse.swift */,
				EACB30E72EF63E3500EC643C /* LMCompositionTaskDetailResponse.swift */,
				EACB30E82EF63E3500EC643C /* LMFreeTrialResponse.swift */,
				EACB2E7D2EDC422700983697 /* LMCapturedPhotoData.swift */,
				EA5835502EC99E1F0013E531 /* LMInspireMeRecord.swift */,
				EA60193F2EC8778B0067F2F7 /* TaskStatus.swift */,
				EA56DDC02EC091B1000AB522 /* BoundingBox.swift */,
				EA56DDC32EC091B1000AB522 /* LMCompositionResult.swift */,
				EA56DDC42EC091B1000AB522 /* LMCompositionResultsResponse.swift */,
				EA56DDC52EC091B1000AB522 /* LMCompositionSuggestion.swift */,
				EA56DDC62EC091B1000AB522 /* LMCompositionSuggestionsResponse.swift */,
				EA56DDC72EC091B1000AB522 /* LMCompositionTaskResponse.swift */,
				EA56DDC92EC091B1000AB522 /* LMConfirmSuggestionResponse.swift */,
				EA56DDCA2EC091B1000AB522 /* LMLoginResponse.swift */,
				EA56DDCC2EC091B1000AB522 /* LMRefreshTokenResponse.swift */,
				EA56DDCF2EC091B1000AB522 /* LMUserRegisterResponse.swift */,
				EA56DD9C2EC07CAD000AB522 /* LMCompositionAnalysisModel.swift */,
				EA0A47432EBF8F3C002CBB80 /* SubscriptionPlan.swift */,
				EACA1CD02E7E49B600C80883 /* LMApiResponseModel.swift */,
				EACA1D072E7E4CBF00C80883 /* LMPackageModel.swift */,
				EAFBACC52E8F69D100586EC7 /* LMUserProfileModel.swift */,
				EAFBAD782E8FCB4E00586EC7 /* LMUserModel.swift */,
				EA8629BA2EB5F85700F2B00E /* LMLaunageModel.swift */,
			);
			path = models;
			sourceTree = "<group>";
		};
		EACA1CD32E7E49B600C80883 /* pages */ = {
			isa = PBXGroup;
			children = (
				EACA1D022E7E4ADD00C80883 /* entrance */,
				EACA1D0E2E7E517400C80883 /* camera */,
				EACA1D0F2E7E517B00C80883 /* mine */,
				EAFBAC932E7E546D00586EC7 /* login */,
				EACA1D0B2E7E504F00C80883 /* LMWebViewPage.swift */,
			);
			path = pages;
			sourceTree = "<group>";
		};
		EACA1CD52E7E49B600C80883 /* dialog */ = {
			isa = PBXGroup;
			children = (
				EACA1CD42E7E49B600C80883 /* LMVersionUpdateDialog.swift */,
			);
			path = dialog;
			sourceTree = "<group>";
		};
		EACA1CD62E7E49B600C80883 /* views */ = {
			isa = PBXGroup;
			children = (
				EA0A47342EBF8F03002CBB80 /* subscription */,
				EAFBACBE2E7E8DB200586EC7 /* camera */,
				EAFBACAE2E7E79C100586EC7 /* entrance */,
				EAFBAC9D2E7E659E00586EC7 /* common */,
				EAFBAC962E7E59F000586EC7 /* mine */,
				EACA1CD52E7E49B600C80883 /* dialog */,
			);
			path = views;
			sourceTree = "<group>";
		};
		EACA1CDA2E7E49B600C80883 /* wrappers */ = {
			isa = PBXGroup;
			children = (
				EACA1CD72E7E49B600C80883 /* LMDialogWrapper.swift */,
				EACA1CD82E7E49B600C80883 /* LMNavigationWrapper.swift */,
				EACA1CD92E7E49B600C80883 /* LMPageWrapper.swift */,
			);
			path = wrappers;
			sourceTree = "<group>";
		};
		EACA1CDB2E7E49B600C80883 /* classes */ = {
			isa = PBXGroup;
			children = (
				EACA1CCF2E7E49B600C80883 /* managers */,
				EACA1CD12E7E49B600C80883 /* models */,
				EACA1CD32E7E49B600C80883 /* pages */,
				EACA1CD62E7E49B600C80883 /* views */,
				EACA1CDA2E7E49B600C80883 /* wrappers */,
			);
			path = classes;
			sourceTree = "<group>";
		};
		EACA1CDF2E7E49B600C80883 /* constants */ = {
			isa = PBXGroup;
			children = (
				EACA1CDC2E7E49B600C80883 /* AppConfigs.swift */,
				EACA1CDD2E7E49B600C80883 /* AppTheme.swift */,
				EACA1CDE2E7E49B600C80883 /* ObjectExtensions.swift */,
			);
			path = constants;
			sourceTree = "<group>";
		};
		EACA1CE32E7E49B600C80883 /* resources */ = {
			isa = PBXGroup;
			children = (
				EA7F25AF2F066FCA0008E091 /* single_tap.json */,
				EA7F25B02F066FCA0008E091 /* swipe_up_animation.json */,
				EA5835552EC9DBC70013E531 /* language_config.json */,
				EA8629A22EB5A13F00F2B00E /* EVA02.mlpackage */,
				EACA1CE92E7E49B600C80883 /* LaunchScreen.storyboard */,
				EACA1CE62E7E49B600C80883 /* Assets.xcassets */,
				EACA1CEA2E7E49B600C80883 /* processor.xcdatamodeld */,
			);
			path = resources;
			sourceTree = "<group>";
		};
		EACA1CE42E7E49B600C80883 /* src */ = {
			isa = PBXGroup;
			children = (
				EACA1CDB2E7E49B600C80883 /* classes */,
				EACA1CDF2E7E49B600C80883 /* constants */,
				EA56DDE92EC0B379000AB522 /* api */,
				EACA1CE32E7E49B600C80883 /* resources */,
				EA3F166F2EE3DFA800B24DA8 /* utils */,
			);
			path = src;
			sourceTree = "<group>";
		};
		EACA1CEC2E7E49B600C80883 /* processor */ = {
			isa = PBXGroup;
			children = (
				EA54E1DC2EBF19F5000DB5EE /* processor.entitlements */,
				EACA1CE52E7E49B600C80883 /* AppDelegate.swift */,
				EACA1CEB2E7E49B600C80883 /* SceneDelegate.swift */,
				EACA1CE42E7E49B600C80883 /* src */,
				EACA1CE72E7E49B600C80883 /* Info.plist */,
			);
			path = processor;
			sourceTree = "<group>";
		};
		EACA1D022E7E4ADD00C80883 /* entrance */ = {
			isa = PBXGroup;
			children = (
				EA6019452EC877C20067F2F7 /* LMEmailVerificationPage.swift */,
				EACA1CD22E7E49B600C80883 /* LMMainRootPage.swift */,
				EACA1D032E7E4B0A00C80883 /* LMLaunchSplashPage.swift */,
				EAFBACAA2E7E72BC00586EC7 /* LMNewInstallerPage.swift */,
			);
			path = entrance;
			sourceTree = "<group>";
		};
		EACA1D0E2E7E517400C80883 /* camera */ = {
			isa = PBXGroup;
			children = (
				EAFBACB62E7E7D1F00586EC7 /* LMCameraPage.swift */,
				F0A1B2C32F1A000100000002 /* LMARGuidanceMode.swift */,
				EA7F25A92F066E850008E091 /* LMCameraPage+Guide.swift */,
				EA5835432EC976200013E531 /* LMCameraPage+ShowSuggestions.swift */,
				EA56DDAC2EC08E1D000AB522 /* LMCameraPage+ARGuidance.swift */,
				EA56DDAD2EC08E1D000AB522 /* LMCameraPage+Capture.swift */,
				EA56DDAE2EC08E1D000AB522 /* LMCameraPage+Delegates.swift */,
				EA56DDAF2EC08E1D000AB522 /* LMCameraPage+ImageProcessing.swift */,
				EA56DDB02EC08E1D000AB522 /* LMCameraPage+InspireMe.swift */,
				EA56DDBE2EC08E81000AB522 /* LMCameraPage+Session.swift */,
				EACB2E7B2EDC22B700983697 /* LMPhotoPreviewPage.swift */,
			);
			path = camera;
			sourceTree = "<group>";
		};
		EACA1D0F2E7E517B00C80883 /* mine */ = {
			isa = PBXGroup;
			children = (
				EAAF53EE2F1544AF00E961DC /* LMNotificationDetailPage.swift */,
				EA56DD982EC076B6000AB522 /* LMGalleryDetailPage.swift */,
				EA56DD992EC076B6000AB522 /* LMSavedIdeaDetailPage.swift */,
				EACA1D102E7E519100C80883 /* LMMinePage.swift */,
				EAFBAD802E938BEF00586EC7 /* LMSettingPage.swift */,
				EAFBACC22E8F69BB00586EC7 /* LMAccountProfilePage.swift */,
				EAFBAD7E2E93804000586EC7 /* LMAboutPage.swift */,
				EAFBAD822E93905B00586EC7 /* LMContactUsPage.swift */,
				EAFBAD842E9393E400586EC7 /* LMLanguagePage.swift */,
				EAFBADC72EA4C90E00586EC7 /* LMNotificationsPage.swift */,
				EA54E1DA2EBEED04000DB5EE /* LMSubscriptionPage.swift */,
				EAFBADC52EA4C34300586EC7 /* LMFAQPage.swift */,
			);
			path = mine;
			sourceTree = "<group>";
		};
		EAFBAC932E7E546D00586EC7 /* login */ = {
			isa = PBXGroup;
			children = (
				EAFBAC942E7E548A00586EC7 /* LMSignInPage.swift */,
				EAFBACB12E7E7B0100586EC7 /* LMSignUpPage.swift */,
				EAFBAD7C2E93790E00586EC7 /* LMForgotPasswordPage.swift */,
			);
			path = login;
			sourceTree = "<group>";
		};
		EAFBAC962E7E59F000586EC7 /* mine */ = {
			isa = PBXGroup;
			children = (
				EACB30EF2EF6B53E00EC643C /* LMProfileItemView.swift */,
				EAFBAD862E93B94B00586EC7 /* LMPhotoCollectionView.swift */,
				EAFBADC12EA36E4500586EC7 /* LMGalleryPageView.swift */,
				EAFBADC32EA36E5900586EC7 /* LMIdeasPageView.swift */,
				EAFBAC982E7E5A0800586EC7 /* LMMineUserInfoView.swift */,
				EAFBACA32E7E695100586EC7 /* LMMembershipCardView.swift */,
				EA8629A62EB5B16300F2B00E /* LMProfileDisplayView.swift */,
				EA8629A82EB5B18B00F2B00E /* LMProfileEditView.swift */,
				EA8629AA2EB5B70300F2B00E /* LMNotificationTableViewCell.swift */,
			);
			path = mine;
			sourceTree = "<group>";
		};
		EAFBAC9D2E7E659E00586EC7 /* common */ = {
			isa = PBXGroup;
			children = (
				EAA37A7A2ED090230008081D /* LMAlertDialog.swift */,
				EAFBACA82E7E6C1B00586EC7 /* LMFloatingCameraButton.swift */,
				EAFBAC9E2E7E65B000586EC7 /* LMProcessorTopBar.swift */,
				EAFBACB32E7E7C7100586EC7 /* LMValidatedInputField.swift */,
				EAFBAD7A2E936ABD00586EC7 /* LMNavigationTitleView.swift */,
			);
			path = common;
			sourceTree = "<group>";
		};
		EAFBACAE2E7E79C100586EC7 /* entrance */ = {
			isa = PBXGroup;
			children = (
				EA7F25B32F06B8850008E091 /* LMPrivacyPermissionView.swift */,
				EAFBACAC2E7E79C100586EC7 /* LMFeaturePreviewView.swift */,
				EAFBACAD2E7E79C100586EC7 /* LMWelcomeAuthenticationView.swift */,
			);
			path = entrance;
			sourceTree = "<group>";
		};
		EAFBACBE2E7E8DB200586EC7 /* camera */ = {
			isa = PBXGroup;
			children = (
				EA7F25AD2F066EAD0008E091 /* LMCameraGuideView.swift */,
				EA3F166B2EE3DDCC00B24DA8 /* LMARGuidanceView.swift */,
				EA6019332EC82D130067F2F7 /* LMInspireMeButtonView.swift */,
				EA8629AC2EB5EEF700F2B00E /* LMCameraGuidanceOverlayView.swift */,
				EA8629AE2EB5EEF700F2B00E /* LMCameraPreviewManager.swift */,
				EA8629AF2EB5EEF700F2B00E /* LMSuggestionCardView.swift */,
				EA8629B02EB5EEF700F2B00E /* LMSuggestionsCarouselView.swift */,
				EAFBACB82E7E7E7500586EC7 /* LMCameraBottomControlsView.swift */,
				EAFBACB92E7E7E7500586EC7 /* LMCameraControlsView.swift */,
				EAFBACBA2E7E7E7500586EC7 /* LMCameraPreviewView.swift */,
				EAFBACBF2E87DE4E00586EC7 /* LMCameraGridOverlayView.swift */,
			);
			path = camera;
			sourceTree = "<group>";
		};
/* End PBXGroup section */

/* Begin PBXNativeTarget section */
		EACA1BF02E7E408900C80883 /* processor */ = {
			isa = PBXNativeTarget;
			buildConfigurationList = EACA1C072E7E408A00C80883 /* Build configuration list for PBXNativeTarget "processor" */;
			buildPhases = (
				CCF39359E38201EE3A7DD8B4 /* [CP] Check Pods Manifest.lock */,
				EACA1BED2E7E408900C80883 /* Sources */,
				EACA1BEE2E7E408900C80883 /* Frameworks */,
				EACA1BEF2E7E408900C80883 /* Resources */,
				34AAD246AF0D2D3D9FA8043E /* [CP] Embed Pods Frameworks */,
			);
			buildRules = (
			);
			dependencies = (
			);
			name = processor;
			productName = processor;
			productReference = EAFBAC922E7E540D00586EC7 /* processor.app */;
			productType = "com.apple.product-type.application";
		};
/* End PBXNativeTarget section */

/* Begin PBXProject section */
		EACA1BE92E7E408900C80883 /* Project object */ = {
			isa = PBXProject;
			attributes = {
				BuildIndependentTargetsInParallel = 1;
				CLASSPREFIX = LM;
				LastSwiftUpdateCheck = 1620;
				LastUpgradeCheck = 1620;
				TargetAttributes = {
					EACA1BF02E7E408900C80883 = {
						CreatedOnToolsVersion = 16.2;
					};
				};
			};
			buildConfigurationList = EACA1BEC2E7E408900C80883 /* Build configuration list for PBXProject "processor" */;
			developmentRegion = en;
			hasScannedForEncodings = 0;
			knownRegions = (
				en,
				Base,
			);
			mainGroup = EACA1BE82E7E408900C80883;
			minimizedProjectReferenceProxies = 1;
			preferredProjectObjectVersion = 77;
			productRefGroup = EACA1BF22E7E408900C80883 /* Products */;
			projectDirPath = "";
			projectRoot = "";
			targets = (
				EACA1BF02E7E408900C80883 /* processor */,
			);
		};
/* End PBXProject section */

/* Begin PBXResourcesBuildPhase section */
		EACA1BEF2E7E408900C80883 /* Resources */ = {
			isa = PBXResourcesBuildPhase;
			buildActionMask = 2147483647;
			files = (
				EA5835562EC9DBC70013E531 /* language_config.json in Resources */,
				EACA1CEF2E7E49B600C80883 /* LaunchScreen.storyboard in Resources */,
				EACA1CF02E7E49B600C80883 /* Assets.xcassets in Resources */,
				EA7F25B12F066FCA0008E091 /* single_tap.json in Resources */,
				EA7F25B22F066FCA0008E091 /* swipe_up_animation.json in Resources */,
			);
			runOnlyForDeploymentPostprocessing = 0;
		};
/* End PBXResourcesBuildPhase section */

/* Begin PBXShellScriptBuildPhase section */
		34AAD246AF0D2D3D9FA8043E /* [CP] Embed Pods Frameworks */ = {
			isa = PBXShellScriptBuildPhase;
			buildActionMask = 2147483647;
			files = (
			);
			inputFileListPaths = (
				"${PODS_ROOT}/Target Support Files/Pods-processor/Pods-processor-frameworks-${CONFIGURATION}-input-files.xcfilelist",
			);
			inputPaths = (
			);
			name = "[CP] Embed Pods Frameworks";
			outputFileListPaths = (
				"${PODS_ROOT}/Target Support Files/Pods-processor/Pods-processor-frameworks-${CONFIGURATION}-output-files.xcfilelist",
			);
			outputPaths = (
			);
			runOnlyForDeploymentPostprocessing = 0;
			shellPath = /bin/sh;
			shellScript = "\"${PODS_ROOT}/Target Support Files/Pods-processor/Pods-processor-frameworks.sh\"\n";
			showEnvVarsInLog = 0;
		};
		CCF39359E38201EE3A7DD8B4 /* [CP] Check Pods Manifest.lock */ = {
			isa = PBXShellScriptBuildPhase;
			buildActionMask = 2147483647;
			files = (
			);
			inputFileListPaths = (
			);
			inputPaths = (
				"${PODS_PODFILE_DIR_PATH}/Podfile.lock",
				"${PODS_ROOT}/Manifest.lock",
			);
			name = "[CP] Check Pods Manifest.lock";
			outputFileListPaths = (
			);
			outputPaths = (
				"$(DERIVED_FILE_DIR)/Pods-processor-checkManifestLockResult.txt",
			);
			runOnlyForDeploymentPostprocessing = 0;
			shellPath = /bin/sh;
			shellScript = "diff \"${PODS_PODFILE_DIR_PATH}/Podfile.lock\" \"${PODS_ROOT}/Manifest.lock\" > /dev/null\nif [ $? != 0 ] ; then\n    # print error to STDERR\n    echo \"error: The sandbox is not in sync with the Podfile.lock. Run 'pod install' or update your CocoaPods installation.\" >&2\n    exit 1\nfi\n# This output is used by Xcode 'outputs' to avoid re-running this script phase.\necho \"SUCCESS\" > \"${SCRIPT_OUTPUT_FILE_0}\"\n";
			showEnvVarsInLog = 0;
		};
/* End PBXShellScriptBuildPhase section */

/* Begin PBXSourcesBuildPhase section */
		EACA1BED2E7E408900C80883 /* Sources */ = {
			isa = PBXSourcesBuildPhase;
			buildActionMask = 2147483647;
			files = (
				EA8640702ED2D8EB00A0CD43 /* SavedIdeaEntity+CoreDataClass.swift in Sources */,
				EACB2E7C2EDC22B700983697 /* LMPhotoPreviewPage.swift in Sources */,
				EA3F166C2EE3DDCC00B24DA8 /* LMARGuidanceView.swift in Sources */,
				EA8640712ED2D8EB00A0CD43 /* LMPhotoStorageManager+SavedIdeas.swift in Sources */,
				EA8640722ED2D8EB00A0CD43 /* SavedIdeaEntity+CoreDataProperties.swift in Sources */,
				EACB30E92EF63E3500EC643C /* LMCompositionJobDetailResponse.swift in Sources */,
				EACB30EA2EF63E3500EC643C /* LMCompositionJobListResponse.swift in Sources */,
				EACB30EB2EF63E3500EC643C /* LMFreeTrialResponse.swift in Sources */,
				EACB30EC2EF63E3500EC643C /* LMCompositionTaskDetailResponse.swift in Sources */,
				EACA1CF12E7E49B600C80883 /* ObjectExtensions.swift in Sources */,
				EAFBACAF2E7E79C100586EC7 /* LMWelcomeAuthenticationView.swift in Sources */,
				EAFBADC42EA36E5900586EC7 /* LMIdeasPageView.swift in Sources */,
				EAFBAD7D2E93790E00586EC7 /* LMForgotPasswordPage.swift in Sources */,
				EA7F25B42F06B8850008E091 /* LMPrivacyPermissionView.swift in Sources */,
				EA56DDA12EC08078000AB522 /* LMPersonDetectionManager.swift in Sources */,
				EAFBACB02E7E79C100586EC7 /* LMFeaturePreviewView.swift in Sources */,
				EA8629A32EB5A13F00F2B00E /* EVA02.mlpackage in Sources */,
				EAFBACBB2E7E7E7500586EC7 /* LMCameraControlsView.swift in Sources */,
				EAFBAD8A2E9B8A4800586EC7 /* LMUserManager.swift in Sources */,
				EAFBACBC2E7E7E7500586EC7 /* LMCameraPreviewView.swift in Sources */,
				EA56DDBF2EC08E82000AB522 /* LMCameraPage+Session.swift in Sources */,
				EAFBACBD2E7E7E7500586EC7 /* LMCameraBottomControlsView.swift in Sources */,
				F0A1B2C32F1A000100000001 /* LMARGuidanceMode.swift in Sources */,
				EACA1CF22E7E49B600C80883 /* LMApiResponseModel.swift in Sources */,
				EACA1CF32E7E49B600C80883 /* processor.xcdatamodeld in Sources */,
				EA8629B92EB5F7C000F2B00E /* LMLaunageManager.swift in Sources */,
				EAFBADC82EA4C90E00586EC7 /* LMNotificationsPage.swift in Sources */,
				EA54E1DB2EBEED04000DB5EE /* LMSubscriptionPage.swift in Sources */,
				EA8629A92EB5B18B00F2B00E /* LMProfileEditView.swift in Sources */,
				EA8629BB2EB5F85700F2B00E /* LMLaunageModel.swift in Sources */,
				EA56DDA72EC0833D000AB522 /* LMCompositionService.swift in Sources */,
				EA0A47462EBF995C002CBB80 /* LMStoreManager.swift in Sources */,
				EAFBAC9F2E7E65B000586EC7 /* LMProcessorTopBar.swift in Sources */,
				EAA37A7B2ED090230008081D /* LMAlertDialog.swift in Sources */,
				EAFBAD812E938BEF00586EC7 /* LMSettingPage.swift in Sources */,
				EA8629A72EB5B16300F2B00E /* LMProfileDisplayView.swift in Sources */,
				EACA1CF62E7E49B600C80883 /* AppDelegate.swift in Sources */,
				EAFBACC42E8F69BB00586EC7 /* LMAccountProfilePage.swift in Sources */,
				EA56DD972EC02B23000AB522 /* LMPopularTagView.swift in Sources */,
				EACA1D062E7E4C7C00C80883 /* LMPackageManager.swift in Sources */,
				EACA1CF72E7E49B600C80883 /* SceneDelegate.swift in Sources */,
				EACA1CF82E7E49B600C80883 /* LMDialogWrapper.swift in Sources */,
				EAFBADC62EA4C34300586EC7 /* LMFAQPage.swift in Sources */,
				EAFBAD832E93905B00586EC7 /* LMContactUsPage.swift in Sources */,
				EAFBACAB2E7E72BC00586EC7 /* LMNewInstallerPage.swift in Sources */,
				EACA1D112E7E519100C80883 /* LMMinePage.swift in Sources */,
				EA56DDE72EC091BD000AB522 /* LMApiService.swift in Sources */,
				EA56DDB72EC08E1D000AB522 /* LMCameraPage+Delegates.swift in Sources */,
				EA56DDB82EC08E1D000AB522 /* LMCameraPage+ARGuidance.swift in Sources */,
				EA56DDBA2EC08E1D000AB522 /* LMCameraPage+Capture.swift in Sources */,
				EA56DDBC2EC08E1D000AB522 /* LMCameraPage+ImageProcessing.swift in Sources */,
				EA56DDBD2EC08E1D000AB522 /* LMCameraPage+InspireMe.swift in Sources */,
				EAFBAD792E8FCB4E00586EC7 /* LMUserModel.swift in Sources */,
				EAFBADC22EA36E4500586EC7 /* LMGalleryPageView.swift in Sources */,
				EA8629A52EB5A15800F2B00E /* LMImageProcessor.swift in Sources */,
				EACA1CF92E7E49B600C80883 /* LMNavigationWrapper.swift in Sources */,
				EAFBAD7F2E93804000586EC7 /* LMAboutPage.swift in Sources */,
				EACA1CFA2E7E49B600C80883 /* LMVersionUpdateDialog.swift in Sources */,
				EAFBACC12E87DE4E00586EC7 /* LMCameraGridOverlayView.swift in Sources */,
				EACB2E7E2EDC422700983697 /* LMCapturedPhotoData.swift in Sources */,
				EA4032A22EE077BA002B7A40 /* LMSuggestionBoundBoxManager.swift in Sources */,
				EACA1CFB2E7E49B600C80883 /* AppConfigs.swift in Sources */,
				EAFBAC992E7E5A0800586EC7 /* LMMineUserInfoView.swift in Sources */,
				EA6019462EC877C20067F2F7 /* LMEmailVerificationPage.swift in Sources */,
				EA56DDD22EC091B1000AB522 /* LMCompositionSuggestionsResponse.swift in Sources */,
				EA56DDD42EC091B1000AB522 /* LMRefreshTokenResponse.swift in Sources */,
				EA56DDD52EC091B1000AB522 /* LMConfirmSuggestionResponse.swift in Sources */,
				EA56DDD72EC091B1000AB522 /* LMCompositionResult.swift in Sources */,
				EA3F16732EE41D8500B24DA8 /* LMDeviceOrientationManager.swift in Sources */,
				EA56DDD82EC091B1000AB522 /* LMCompositionResultsResponse.swift in Sources */,
				EA7F25AC2F066E9B0008E091 /* LMCameraGuideManager.swift in Sources */,
				EA56DDDA2EC091B1000AB522 /* BoundingBox.swift in Sources */,
				EA56DDDB2EC091B1000AB522 /* LMLoginResponse.swift in Sources */,
				EA56DDDE2EC091B1000AB522 /* LMUserRegisterResponse.swift in Sources */,
				EA56DDDF2EC091B1000AB522 /* LMCompositionSuggestion.swift in Sources */,
				EA6019342EC82D130067F2F7 /* LMInspireMeButtonView.swift in Sources */,
				EA56DDE02EC091B1000AB522 /* LMCompositionTaskResponse.swift in Sources */,
				EAFBACB52E7E7C7100586EC7 /* LMValidatedInputField.swift in Sources */,
				EAFBACB72E7E7D1F00586EC7 /* LMCameraPage.swift in Sources */,
				EA56DD9A2EC076B6000AB522 /* LMSavedIdeaDetailPage.swift in Sources */,
				EA56DD9B2EC076B6000AB522 /* LMGalleryDetailPage.swift in Sources */,
				EACA1CFC2E7E49B600C80883 /* LMMainRootPage.swift in Sources */,
				EAFBACA92E7E6C1B00586EC7 /* LMFloatingCameraButton.swift in Sources */,
				EACA1CFD2E7E49B600C80883 /* LMApi.swift in Sources */,
				EAFBACB22E7E7B0100586EC7 /* LMSignUpPage.swift in Sources */,
				EA0A473C2EBF8F19002CBB80 /* LMSubscriptionProgressView.swift in Sources */,
				EA0A473D2EBF8F19002CBB80 /* LMSubscriptionAdRewardsView.swift in Sources */,
				EA0A473E2EBF8F19002CBB80 /* LMSubscriptionDialogView.swift in Sources */,
				EA0A473F2EBF8F19002CBB80 /* LMSubscriptionCountdownView.swift in Sources */,
				EA0A47402EBF8F19002CBB80 /* LMSubscriptionFooterView.swift in Sources */,
				EA0A47412EBF8F19002CBB80 /* LMSubscriptionPlanCardView.swift in Sources */,
				EA7F25AE2F066EAD0008E091 /* LMCameraGuideView.swift in Sources */,
				EAAF53F12F1544DD00E961DC /* LMNotificationManager.swift in Sources */,
				EA0A47422EBF8F19002CBB80 /* LMSubscriptionHeroView.swift in Sources */,
				EAFBAD7B2E936ABD00586EC7 /* LMNavigationTitleView.swift in Sources */,
				EA5835442EC976200013E531 /* LMCameraPage+ShowSuggestions.swift in Sources */,
				EA3F16702EE3DFA800B24DA8 /* LMOrientationMatcher.swift in Sources */,
				EA3F16682EE3DDAE00B24DA8 /* LMCameraStreamDetectionManager.swift in Sources */,
				EA3F16692EE3DDAE00B24DA8 /* LMPersonDetectionProtocol.swift in Sources */,
				EA3F166A2EE3DDAE00B24DA8 /* LMReferenceImageDetectionManager.swift in Sources */,
				EACB30F02EF6B53E00EC643C /* LMProfileItemView.swift in Sources */,
				EA8629B22EB5EEF700F2B00E /* LMCameraGuidanceOverlayView.swift in Sources */,
				EA8629B42EB5EEF700F2B00E /* LMSuggestionCardView.swift in Sources */,
				EA8629B52EB5EEF700F2B00E /* LMCameraPreviewManager.swift in Sources */,
				EA8629B62EB5EEF700F2B00E /* LMSuggestionsCarouselView.swift in Sources */,
				EA8629AB2EB5B70300F2B00E /* LMNotificationTableViewCell.swift in Sources */,
				EA5835512EC99E1F0013E531 /* LMInspireMeRecord.swift in Sources */,
				EACA1D0C2E7E504F00C80883 /* LMWebViewPage.swift in Sources */,
				EA7F25AA2F066E850008E091 /* LMCameraPage+Guide.swift in Sources */,
				EAFBAD882E93B94B00586EC7 /* LMPhotoCollectionView.swift in Sources */,
				EACA1D082E7E4CBF00C80883 /* LMPackageModel.swift in Sources */,
				EACA1CFE2E7E49B600C80883 /* LMApiClient.swift in Sources */,
				EACA1CFF2E7E49B600C80883 /* AppTheme.swift in Sources */,
				EACA1D002E7E49B600C80883 /* LMPageWrapper.swift in Sources */,
				EA0A47442EBF8F3C002CBB80 /* SubscriptionPlan.swift in Sources */,
				EA56DD9D2EC07CAD000AB522 /* LMCompositionAnalysisModel.swift in Sources */,
				EAFBACA42E7E695100586EC7 /* LMMembershipCardView.swift in Sources */,
				EAFBACC62E8F69D100586EC7 /* LMUserProfileModel.swift in Sources */,
				EAFBAC952E7E548A00586EC7 /* LMSignInPage.swift in Sources */,
				EA6019382EC877620067F2F7 /* LMAppleAuthManager.swift in Sources */,
				EAAF53ED2F15449500E961DC /* LMNotificationModel.swift in Sources */,
				EA53553C2EE57BF100610950 /* LMAuthGuard.swift in Sources */,
				EA86406A2ED2D24800A0CD43 /* LMPhotoStorageManager.swift in Sources */,
				EA86406B2ED2D24800A0CD43 /* PhotoEntity+CoreDataProperties.swift in Sources */,
				EAAF53EF2F1544AF00E961DC /* LMNotificationDetailPage.swift in Sources */,
				EA86406C2ED2D24800A0CD43 /* PhotoEntity+CoreDataClass.swift in Sources */,
				EA6019392EC877620067F2F7 /* LMSessionManager.swift in Sources */,
				EA6019422EC8778B0067F2F7 /* TaskStatus.swift in Sources */,
				EACA1D042E7E4B0A00C80883 /* LMLaunchSplashPage.swift in Sources */,
				EACA1D0A2E7E4EE900C80883 /* LMLogger.swift in Sources */,
				EAFBAD852E9393E400586EC7 /* LMLanguagePage.swift in Sources */,
			);
			runOnlyForDeploymentPostprocessing = 0;
		};
/* End PBXSourcesBuildPhase section */

/* Begin PBXVariantGroup section */
		EACA1CE92E7E49B600C80883 /* LaunchScreen.storyboard */ = {
			isa = PBXVariantGroup;
			children = (
				EACA1CE82E7E49B600C80883 /* Base */,
			);
			name = LaunchScreen.storyboard;
			sourceTree = "<group>";
		};
/* End PBXVariantGroup section */

/* Begin XCBuildConfiguration section */
		EACA1C082E7E408A00C80883 /* Debug */ = {
			isa = XCBuildConfiguration;
			baseConfigurationReference = 8769BF2F6929F4BC71A1AC30 /* Pods-processor.debug.xcconfig */;
			buildSettings = {
				ASSETCATALOG_COMPILER_APPICON_NAME = AppIcon;
				ASSETCATALOG_COMPILER_GLOBAL_ACCENT_COLOR_NAME = AccentColor;
				CODE_SIGN_ENTITLEMENTS = processor/processor.entitlements;
				CODE_SIGN_STYLE = Automatic;
				CURRENT_PROJECT_VERSION = 4;
				DEVELOPMENT_TEAM = WL97SW2V2L;
				ENABLE_USER_SCRIPT_SANDBOXING = NO;
				GENERATE_INFOPLIST_FILE = YES;
				INFOPLIST_FILE = processor/Info.plist;
				INFOPLIST_KEY_CFBundleDisplayName = Entropix;
				INFOPLIST_KEY_NSCameraUsageDescription = "“Entropix” Would Like to Access Your Camera, to enable smart photo-taking feature.";
				INFOPLIST_KEY_NSPhotoLibraryAddUsageDescription = "“Entropix” Would Like to Access Your Photos, to select photos for updating your profile or saving photos you take.";
				INFOPLIST_KEY_NSPhotoLibraryUsageDescription = "“Entropix” Would Like to Access Your Photos, to select photos for updating your profile or saving photos you take.";
				INFOPLIST_KEY_UIApplicationSupportsIndirectInputEvents = YES;
				INFOPLIST_KEY_UILaunchStoryboardName = LaunchScreen;
				INFOPLIST_KEY_UISupportedInterfaceOrientations = UIInterfaceOrientationPortrait;
				INFOPLIST_KEY_UISupportedInterfaceOrientations_iPad = "UIInterfaceOrientationLandscapeLeft UIInterfaceOrientationLandscapeRight UIInterfaceOrientationPortrait UIInterfaceOrientationPortraitUpsideDown";
				IPHONEOS_DEPLOYMENT_TARGET = 15.0;
				LD_RUNPATH_SEARCH_PATHS = (
					"$(inherited)",
					"@executable_path/Frameworks",
				);
				MARKETING_VERSION = 1.1.1;
				PRODUCT_BUNDLE_IDENTIFIER = com.entropix.inspirecam;
				PRODUCT_NAME = "$(TARGET_NAME)";
				SUPPORTED_PLATFORMS = "iphoneos iphonesimulator";
				SUPPORTS_MACCATALYST = NO;
				SUPPORTS_MAC_DESIGNED_FOR_IPHONE_IPAD = NO;
				SUPPORTS_XR_DESIGNED_FOR_IPHONE_IPAD = NO;
				SWIFT_EMIT_LOC_STRINGS = YES;
				SWIFT_VERSION = 5.0;
				TARGETED_DEVICE_FAMILY = 1;
			};
			name = Debug;
		};
		EACA1C092E7E408A00C80883 /* Release */ = {
			isa = XCBuildConfiguration;
			baseConfigurationReference = E918F2844F67229435DD4374 /* Pods-processor.release.xcconfig */;
			buildSettings = {
				ASSETCATALOG_COMPILER_APPICON_NAME = AppIcon;
				ASSETCATALOG_COMPILER_GLOBAL_ACCENT_COLOR_NAME = AccentColor;
				CODE_SIGN_ENTITLEMENTS = processor/processor.entitlements;
				CODE_SIGN_STYLE = Automatic;
				CURRENT_PROJECT_VERSION = 4;
				DEVELOPMENT_TEAM = WL97SW2V2L;
				ENABLE_USER_SCRIPT_SANDBOXING = NO;
				GENERATE_INFOPLIST_FILE = YES;
				INFOPLIST_FILE = processor/Info.plist;
				INFOPLIST_KEY_CFBundleDisplayName = Entropix;
				INFOPLIST_KEY_NSCameraUsageDescription = "“Entropix” Would Like to Access Your Camera, to enable smart photo-taking feature.";
				INFOPLIST_KEY_NSPhotoLibraryAddUsageDescription = "“Entropix” Would Like to Access Your Photos, to select photos for updating your profile or saving photos you take.";
				INFOPLIST_KEY_NSPhotoLibraryUsageDescription = "“Entropix” Would Like to Access Your Photos, to select photos for updating your profile or saving photos you take.";
				INFOPLIST_KEY_UIApplicationSupportsIndirectInputEvents = YES;
				INFOPLIST_KEY_UILaunchStoryboardName = LaunchScreen;
				INFOPLIST_KEY_UISupportedInterfaceOrientations = UIInterfaceOrientationPortrait;
				INFOPLIST_KEY_UISupportedInterfaceOrientations_iPad = "UIInterfaceOrientationLandscapeLeft UIInterfaceOrientationLandscapeRight UIInterfaceOrientationPortrait UIInterfaceOrientationPortraitUpsideDown";
				IPHONEOS_DEPLOYMENT_TARGET = 15.0;
				LD_RUNPATH_SEARCH_PATHS = (
					"$(inherited)",
					"@executable_path/Frameworks",
				);
				MARKETING_VERSION = 1.1.1;
				PRODUCT_BUNDLE_IDENTIFIER = com.entropix.inspirecam;
				PRODUCT_NAME = "$(TARGET_NAME)";
				SUPPORTED_PLATFORMS = "iphoneos iphonesimulator";
				SUPPORTS_MACCATALYST = NO;
				SUPPORTS_MAC_DESIGNED_FOR_IPHONE_IPAD = NO;
				SUPPORTS_XR_DESIGNED_FOR_IPHONE_IPAD = NO;
				SWIFT_EMIT_LOC_STRINGS = YES;
				SWIFT_VERSION = 5.0;
				TARGETED_DEVICE_FAMILY = 1;
			};
			name = Release;
		};
		EACA1C0A2E7E408A00C80883 /* Debug */ = {
			isa = XCBuildConfiguration;
			buildSettings = {
				ALWAYS_SEARCH_USER_PATHS = NO;
				ASSETCATALOG_COMPILER_GENERATE_SWIFT_ASSET_SYMBOL_EXTENSIONS = YES;
				CLANG_ANALYZER_NONNULL = YES;
				CLANG_ANALYZER_NUMBER_OBJECT_CONVERSION = YES_AGGRESSIVE;
				CLANG_CXX_LANGUAGE_STANDARD = "gnu++20";
				CLANG_ENABLE_MODULES = YES;
				CLANG_ENABLE_OBJC_ARC = YES;
				CLANG_ENABLE_OBJC_WEAK = YES;
				CLANG_WARN_BLOCK_CAPTURE_AUTORELEASING = YES;
				CLANG_WARN_BOOL_CONVERSION = YES;
				CLANG_WARN_COMMA = YES;
				CLANG_WARN_CONSTANT_CONVERSION = YES;
				CLANG_WARN_DEPRECATED_OBJC_IMPLEMENTATIONS = YES;
				CLANG_WARN_DIRECT_OBJC_ISA_USAGE = YES_ERROR;
				CLANG_WARN_DOCUMENTATION_COMMENTS = YES;
				CLANG_WARN_EMPTY_BODY = YES;
				CLANG_WARN_ENUM_CONVERSION = YES;
				CLANG_WARN_INFINITE_RECURSION = YES;
				CLANG_WARN_INT_CONVERSION = YES;
				CLANG_WARN_NON_LITERAL_NULL_CONVERSION = YES;
				CLANG_WARN_OBJC_IMPLICIT_RETAIN_SELF = YES;
				CLANG_WARN_OBJC_LITERAL_CONVERSION = YES;
				CLANG_WARN_OBJC_ROOT_CLASS = YES_ERROR;
				CLANG_WARN_QUOTED_INCLUDE_IN_FRAMEWORK_HEADER = YES;
				CLANG_WARN_RANGE_LOOP_ANALYSIS = YES;
				CLANG_WARN_STRICT_PROTOTYPES = YES;
				CLANG_WARN_SUSPICIOUS_MOVE = YES;
				CLANG_WARN_UNGUARDED_AVAILABILITY = YES_AGGRESSIVE;
				CLANG_WARN_UNREACHABLE_CODE = YES;
				CLANG_WARN__DUPLICATE_METHOD_MATCH = YES;
				COPY_PHASE_STRIP = NO;
				DEBUG_INFORMATION_FORMAT = dwarf;
				ENABLE_STRICT_OBJC_MSGSEND = YES;
				ENABLE_TESTABILITY = YES;
				ENABLE_USER_SCRIPT_SANDBOXING = YES;
				GCC_C_LANGUAGE_STANDARD = gnu17;
				GCC_DYNAMIC_NO_PIC = NO;
				GCC_NO_COMMON_BLOCKS = YES;
				GCC_OPTIMIZATION_LEVEL = 0;
				GCC_PREPROCESSOR_DEFINITIONS = (
					"DEBUG=1",
					"$(inherited)",
				);
				GCC_WARN_64_TO_32_BIT_CONVERSION = YES;
				GCC_WARN_ABOUT_RETURN_TYPE = YES_ERROR;
				GCC_WARN_UNDECLARED_SELECTOR = YES;
				GCC_WARN_UNINITIALIZED_AUTOS = YES_AGGRESSIVE;
				GCC_WARN_UNUSED_FUNCTION = YES;
				GCC_WARN_UNUSED_VARIABLE = YES;
				IPHONEOS_DEPLOYMENT_TARGET = 18.2;
				LOCALIZATION_PREFERS_STRING_CATALOGS = YES;
				MTL_ENABLE_DEBUG_INFO = INCLUDE_SOURCE;
				MTL_FAST_MATH = YES;
				ONLY_ACTIVE_ARCH = YES;
				SDKROOT = iphoneos;
				SWIFT_ACTIVE_COMPILATION_CONDITIONS = "DEBUG $(inherited)";
				SWIFT_OPTIMIZATION_LEVEL = "-Onone";
			};
			name = Debug;
		};
		EACA1C0B2E7E408A00C80883 /* Release */ = {
			isa = XCBuildConfiguration;
			buildSettings = {
				ALWAYS_SEARCH_USER_PATHS = NO;
				ASSETCATALOG_COMPILER_GENERATE_SWIFT_ASSET_SYMBOL_EXTENSIONS = YES;
				CLANG_ANALYZER_NONNULL = YES;
				CLANG_ANALYZER_NUMBER_OBJECT_CONVERSION = YES_AGGRESSIVE;
				CLANG_CXX_LANGUAGE_STANDARD = "gnu++20";
				CLANG_ENABLE_MODULES = YES;
				CLANG_ENABLE_OBJC_ARC = YES;
				CLANG_ENABLE_OBJC_WEAK = YES;
				CLANG_WARN_BLOCK_CAPTURE_AUTORELEASING = YES;
				CLANG_WARN_BOOL_CONVERSION = YES;
				CLANG_WARN_COMMA = YES;
				CLANG_WARN_CONSTANT_CONVERSION = YES;
				CLANG_WARN_DEPRECATED_OBJC_IMPLEMENTATIONS = YES;
				CLANG_WARN_DIRECT_OBJC_ISA_USAGE = YES_ERROR;
				CLANG_WARN_DOCUMENTATION_COMMENTS = YES;
				CLANG_WARN_EMPTY_BODY = YES;
				CLANG_WARN_ENUM_CONVERSION = YES;
				CLANG_WARN_INFINITE_RECURSION = YES;
				CLANG_WARN_INT_CONVERSION = YES;
				CLANG_WARN_NON_LITERAL_NULL_CONVERSION = YES;
				CLANG_WARN_OBJC_IMPLICIT_RETAIN_SELF = YES;
				CLANG_WARN_OBJC_LITERAL_CONVERSION = YES;
				CLANG_WARN_OBJC_ROOT_CLASS = YES_ERROR;
				CLANG_WARN_QUOTED_INCLUDE_IN_FRAMEWORK_HEADER = YES;
				CLANG_WARN_RANGE_LOOP_ANALYSIS = YES;
				CLANG_WARN_STRICT_PROTOTYPES = YES;
				CLANG_WARN_SUSPICIOUS_MOVE = YES;
				CLANG_WARN_UNGUARDED_AVAILABILITY = YES_AGGRESSIVE;
				CLANG_WARN_UNREACHABLE_CODE = YES;
				CLANG_WARN__DUPLICATE_METHOD_MATCH = YES;
				COPY_PHASE_STRIP = NO;
				DEBUG_INFORMATION_FORMAT = "dwarf-with-dsym";
				ENABLE_NS_ASSERTIONS = NO;
				ENABLE_STRICT_OBJC_MSGSEND = YES;
				ENABLE_USER_SCRIPT_SANDBOXING = YES;
				GCC_C_LANGUAGE_STANDARD = gnu17;
				GCC_NO_COMMON_BLOCKS = YES;
				GCC_WARN_64_TO_32_BIT_CONVERSION = YES;
				GCC_WARN_ABOUT_RETURN_TYPE = YES_ERROR;
				GCC_WARN_UNDECLARED_SELECTOR = YES;
				GCC_WARN_UNINITIALIZED_AUTOS = YES_AGGRESSIVE;
				GCC_WARN_UNUSED_FUNCTION = YES;
				GCC_WARN_UNUSED_VARIABLE = YES;
				IPHONEOS_DEPLOYMENT_TARGET = 18.2;
				LOCALIZATION_PREFERS_STRING_CATALOGS = YES;
				MTL_ENABLE_DEBUG_INFO = NO;
				MTL_FAST_MATH = YES;
				SDKROOT = iphoneos;
				SWIFT_COMPILATION_MODE = wholemodule;
				VALIDATE_PRODUCT = YES;
			};
			name = Release;
		};
/* End XCBuildConfiguration section */

/* Begin XCConfigurationList section */
		EACA1BEC2E7E408900C80883 /* Build configuration list for PBXProject "processor" */ = {
			isa = XCConfigurationList;
			buildConfigurations = (
				EACA1C0A2E7E408A00C80883 /* Debug */,
				EACA1C0B2E7E408A00C80883 /* Release */,
			);
			defaultConfigurationIsVisible = 0;
			defaultConfigurationName = Release;
		};
		EACA1C072E7E408A00C80883 /* Build configuration list for PBXNativeTarget "processor" */ = {
			isa = XCConfigurationList;
			buildConfigurations = (
				EACA1C082E7E408A00C80883 /* Debug */,
				EACA1C092E7E408A00C80883 /* Release */,
			);
			defaultConfigurationIsVisible = 0;
			defaultConfigurationName = Release;
		};
/* End XCConfigurationList section */

/* Begin XCVersionGroup section */
		EACA1CEA2E7E49B600C80883 /* processor.xcdatamodeld */ = {
			isa = XCVersionGroup;
			children = (
				EACA1CED2E7E49B600C80883 /* processor.xcdatamodel */,
			);
			currentVersion = EACA1CED2E7E49B600C80883 /* processor.xcdatamodel */;
			path = processor.xcdatamodeld;
			sourceTree = "<group>";
			versionGroupType = wrapper.xcdatamodel;
		};
/* End XCVersionGroup section */
	};
	rootObject = EACA1BE92E7E408900C80883 /* Project object */;
}
